// !$*UTF8*$!
{
	archiveVersion = 1;
	classes = {
	};
	objectVersion = 77;
	objects = {

/* Begin PBXBuildFile section */
		0147E1721C19842CB8DCAE1B /* ToolchainService.swift in Sources */ = {isa = PBXBuildFile; fileRef = 8AFC0E065433D48FC4F110A4 /* ToolchainService.swift */; };
		01D97803D577B7DA34839EFB /* SensitiveDataStoreTests.swift in Sources */ = {isa = PBXBuildFile; fileRef = AB59BAA37AA3DE7EF9A3D2DF /* SensitiveDataStoreTests.swift */; };
		06D040287C9BC6B726B5E10E /* TestCoverageServiceTests.swift in Sources */ = {isa = PBXBuildFile; fileRef = D388177AAA2F21C9B437792F /* TestCoverageServiceTests.swift */; };
		07707FDB550510C7CE9C7FF5 /* TestCoverageService.swift in Sources */ = {isa = PBXBuildFile; fileRef = 7940759F7DFBDC416DEB1B52 /* TestCoverageService.swift */; };
		091F6F0C5FFEDE77EE4D7C8E /* Assets.xcassets in Resources */ = {isa = PBXBuildFile; fileRef = 344FDF3D9CBA44CED4458A17 /* Assets.xcassets */; };
		0C5CF4C0A481F66205A3072A /* CommandPaletteView.swift in Sources */ = {isa = PBXBuildFile; fileRef = 592108833F585B70B8198FCB /* CommandPaletteView.swift */; };
		0EC690C3A856C3242348DC06 /* FindState.swift in Sources */ = {isa = PBXBuildFile; fileRef = A8FA182F57DD2F452B520616 /* FindState.swift */; };
		0ED769ED0F4AEBA46EF3910F /* EditorBehaviorTests.swift in Sources */ = {isa = PBXBuildFile; fileRef = 7DBFB3486EFF5F18E4BD6C4E /* EditorBehaviorTests.swift */; };
		12007CE71153F128405C8AED /* WorkspaceIndexService.swift in Sources */ = {isa = PBXBuildFile; fileRef = 2EF63F9A2E0A015ADC423836 /* WorkspaceIndexService.swift */; };
		14B4BD5E331494E67CCF4875 /* WorkspaceExplorerService.swift in Sources */ = {isa = PBXBuildFile; fileRef = 562982731C548F68D72D712F /* WorkspaceExplorerService.swift */; };
		169B2D0EFCD6D335A06BE22E /* WorkspaceTaskService.swift in Sources */ = {isa = PBXBuildFile; fileRef = E1F1D1FE8355690B3338824A /* WorkspaceTaskService.swift */; };
		195EB580AA97DCA477DD66E9 /* WorkspaceSearchService.swift in Sources */ = {isa = PBXBuildFile; fileRef = 789768933CF34A533B580A76 /* WorkspaceSearchService.swift */; };
		1A2E9C8CCC553B9361892FB3 /* LaunchCommandServiceTests.swift in Sources */ = {isa = PBXBuildFile; fileRef = 52A09B6F3B91D16DCE0C35A1 /* LaunchCommandServiceTests.swift */; };
		1C8025712E0D91AE7D1D05CC /* EditorCompletionServiceTests.swift in Sources */ = {isa = PBXBuildFile; fileRef = F547C23F5FBF91050A92E662 /* EditorCompletionServiceTests.swift */; };
		2062ED550F84FDBC4DACDE02 /* RetroChrome.swift in Sources */ = {isa = PBXBuildFile; fileRef = B08DC2DA3FC27961709766C1 /* RetroChrome.swift */; };
		20E79AFCC5FDD5A6BE6EDD05 /* EmbeddedTerminalService.swift in Sources */ = {isa = PBXBuildFile; fileRef = D8A3A54D10C6CC7E0B872936 /* EmbeddedTerminalService.swift */; };
		233893382DF9FBFF81ED310B /* LogExplorerView.swift in Sources */ = {isa = PBXBuildFile; fileRef = 8F47B8900632E2B594B598B1 /* LogExplorerView.swift */; };
		26AC429F7423F8F488A0ADDE /* PluginModels.swift in Sources */ = {isa = PBXBuildFile; fileRef = 2EC915794C50444E3262D8C6 /* PluginModels.swift */; };
		27E9F1BAAFBB1F6A6468F20A /* WorkspaceExplorerServiceTests.swift in Sources */ = {isa = PBXBuildFile; fileRef = 1AED1301D377C700699E6FD2 /* WorkspaceExplorerServiceTests.swift */; };
		2ABBA1B980ED34E6DCE794E1 /* WorkspaceSessionsView.swift in Sources */ = {isa = PBXBuildFile; fileRef = F477D2D3D0B6B613FCF617D8 /* WorkspaceSessionsView.swift */; };
		2C938A3086727FF43B909488 /* AIWorkbenchView.swift in Sources */ = {isa = PBXBuildFile; fileRef = A2A37F64F12E337877655411 /* AIWorkbenchView.swift */; };
		2CF8E27490C90FEBD91C84E7 /* DelimitedTextTableService.swift in Sources */ = {isa = PBXBuildFile; fileRef = 364F03A4ED6FB6845D909A0C /* DelimitedTextTableService.swift */; };
		2E1600C6A7D0D51EE9E3EC81 /* ProblemMatcherService.swift in Sources */ = {isa = PBXBuildFile; fileRef = EF84102A567EED49C00B4E14 /* ProblemMatcherService.swift */; };
		30AB2BE76FD21C1316F5F680 /* PluginDiagnosticsService.swift in Sources */ = {isa = PBXBuildFile; fileRef = 76CD43E4E8A08F26CDE5374F /* PluginDiagnosticsService.swift */; };
		31530544179CB98348473CEF /* ProblemMatcherServiceTests.swift in Sources */ = {isa = PBXBuildFile; fileRef = 2F153394923AF13CA657F24A /* ProblemMatcherServiceTests.swift */; };
		34513C77B9F851BBD730C9D2 /* AIProviderDefaults.swift in Sources */ = {isa = PBXBuildFile; fileRef = 57FFCC587878E75CF1545CAB /* AIProviderDefaults.swift */; };
		347CD18ABF75413EA6B2244D /* LaunchCommandService.swift in Sources */ = {isa = PBXBuildFile; fileRef = B861470FE81FC3465D8890EF /* LaunchCommandService.swift */; };
		34A78B703B15CDF1839178F4 /* HTTPRequestServiceTests.swift in Sources */ = {isa = PBXBuildFile; fileRef = CA4093016F8AEF6BE98B33D7 /* HTTPRequestServiceTests.swift */; };
		3B8D2201E7AB5B61D49197A9 /* LogExplorerService.swift in Sources */ = {isa = PBXBuildFile; fileRef = 022591980D6E5871D2B3BE92 /* LogExplorerService.swift */; };
		3C477E04166818D6711D622E /* JSONTreeView.swift in Sources */ = {isa = PBXBuildFile; fileRef = D6B11C04A5B42F350ED337C5 /* JSONTreeView.swift */; };
		3FA31BA476A3372001AC3A25 /* AIRulesService.swift in Sources */ = {isa = PBXBuildFile; fileRef = 141C395305C43DDFF712E7B1 /* AIRulesService.swift */; };
		43625DC5D9FA9B68952ED852 /* ForgeTextApp.swift in Sources */ = {isa = PBXBuildFile; fileRef = 320CF5B00A75B0C53740A493 /* ForgeTextApp.swift */; };
		4394A3AA80574DC50251664A /* RemoteFileService.swift in Sources */ = {isa = PBXBuildFile; fileRef = 329BAB390587D9660851755C /* RemoteFileService.swift */; };
		43A0CFBECE505E7FBEA99EAA /* TaskRunnerView.swift in Sources */ = {isa = PBXBuildFile; fileRef = 7FF6529ED492D441008786F8 /* TaskRunnerView.swift */; };
		43C88EEBD65A749A3D9F98F6 /* DiagnosticBundleService.swift in Sources */ = {isa = PBXBuildFile; fileRef = 0C8D75AC79AAE885E2544DC9 /* DiagnosticBundleService.swift */; };
		44E63AAA6FE2BB5544993F4A /* TextSearchServiceTests.swift in Sources */ = {isa = PBXBuildFile; fileRef = 9AEADB28C7AE0017E7BF6657 /* TextSearchServiceTests.swift */; };
		4536ADE7B77C138E5999FD7D /* EditorTextView.swift in Sources */ = {isa = PBXBuildFile; fileRef = DF19FEF23B5DDAE3697335EF /* EditorTextView.swift */; };
		477CAF25AF854D883B5DB356 /* HTTPRequestView.swift in Sources */ = {isa = PBXBuildFile; fileRef = 9268A7612C9C0CF46198CE79 /* HTTPRequestView.swift */; };
		481B4527A22633F07ABB5BA4 /* AppearancePreferencesView.swift in Sources */ = {isa = PBXBuildFile; fileRef = 20156AC20133D18C4384D13F /* AppearancePreferencesView.swift */; };
		4908F5C9455E4A35F8B5424A /* ExternalPluginServiceTests.swift in Sources */ = {isa = PBXBuildFile; fileRef = 0CE027F9BF20AF72CFD5730E /* ExternalPluginServiceTests.swift */; };
		4BF1F297332F2365A5F162A8 /* CSVTableView.swift in Sources */ = {isa = PBXBuildFile; fileRef = 03ECB685E4E6A505780533A2 /* CSVTableView.swift */; };
		50ED98E791C9BAFEAFF37451 /* AIRulesServiceTests.swift in Sources */ = {isa = PBXBuildFile; fileRef = 216832796ED2BEFE1CA53EB6 /* AIRulesServiceTests.swift */; };
		53E8F83C5E001DA31BA4BFF2 /* WorkspaceExplorerView.swift in Sources */ = {isa = PBXBuildFile; fileRef = 08C8527247E0BB9EC547CCB4 /* WorkspaceExplorerView.swift */; };
		5944A67EF00F5BDEA5DC7677 /* JSONTreeServiceTests.swift in Sources */ = {isa = PBXBuildFile; fileRef = A18904AB77E4FE4D15FBB7A6 /* JSONTreeServiceTests.swift */; };
		5CA6F29A79CB8DCCA90B4174 /* WorkspacePlatformFeatureTests.swift in Sources */ = {isa = PBXBuildFile; fileRef = 3B15FC504E6A57F6E4A0C701 /* WorkspacePlatformFeatureTests.swift */; };
		5DA8ABBBFC7DC1B65B819391 /* PluginDiagnosticsView.swift in Sources */ = {isa = PBXBuildFile; fileRef = 1147A83A0FF2491A5A419B86 /* PluginDiagnosticsView.swift */; };
		5DE331A1996DE346B94091BF /* WorkspacePlatformView.swift in Sources */ = {isa = PBXBuildFile; fileRef = 975B4B702EEC08B88185D206 /* WorkspacePlatformView.swift */; };
		5E30FC1979158AD79D1F5A24 /* DocumentComparisonService.swift in Sources */ = {isa = PBXBuildFile; fileRef = E993AA163682082B487C7447 /* DocumentComparisonService.swift */; };
		601BA95D7086F4C2C15D14AF /* DocumentLanguage.swift in Sources */ = {isa = PBXBuildFile; fileRef = 56B59914695EEA636AD6C007 /* DocumentLanguage.swift */; };
		63AECB20C4751C521C3540F1 /* TextFileCodecTests.swift in Sources */ = {isa = PBXBuildFile; fileRef = 633E70276998D11A9C3983B5 /* TextFileCodecTests.swift */; };
		67AA3345F240B24135804510 /* ProductionReadinessTests.swift in Sources */ = {isa = PBXBuildFile; fileRef = B8ABEAFAA43B2793CE02784C /* ProductionReadinessTests.swift */; };
		6E1D4CD9BE88B996D15DFDFB /* DocumentTabStripView.swift in Sources */ = {isa = PBXBuildFile; fileRef = 82E0D7F16AC755B8FCDCEBDC /* DocumentTabStripView.swift */; };
		6FE0327909469A58D17AAF42 /* WorkspaceFeatureModels.swift in Sources */ = {isa = PBXBuildFile; fileRef = 5A57B53E5AF6593BA699BFA3 /* WorkspaceFeatureModels.swift */; };
		71802EBFE58346839C4B086B /* DelimitedTextTableServiceTests.swift in Sources */ = {isa = PBXBuildFile; fileRef = BC7112141821CBF300559E4E /* DelimitedTextTableServiceTests.swift */; };
		71893D34BADC925808AD4E69 /* AppCommands.swift in Sources */ = {isa = PBXBuildFile; fileRef = 64A5B82B1B8053C8473F18FF /* AppCommands.swift */; };
		72765BCA7B80504ED929228A /* StoragePathService.swift in Sources */ = {isa = PBXBuildFile; fileRef = 29D4E6EE5866405CD4E50BBC /* StoragePathService.swift */; };
		72A42CC3D4EBBB6844C7A9B9 /* RemoteOpenView.swift in Sources */ = {isa = PBXBuildFile; fileRef = 0708F0E65E3E0D392B56ECA4 /* RemoteOpenView.swift */; };
		75CE3DA5112AC234A760F3B7 /* GitServiceTests.swift in Sources */ = {isa = PBXBuildFile; fileRef = 096F5E8A2AB7DC859DFC16BE /* GitServiceTests.swift */; };
		780D0802557B2E2E9F11F485 /* CloneRepositoryView.swift in Sources */ = {isa = PBXBuildFile; fileRef = 5854DEB8C5E756F0396755C6 /* CloneRepositoryView.swift */; };
		79210933F7CC4DCE51BE17B4 /* PerformanceSnapshotService.swift in Sources */ = {isa = PBXBuildFile; fileRef = 83F0453A5678BB1D763F93B6 /* PerformanceSnapshotService.swift */; };
		7D8D6816DA74B7DF5AB170EF /* SensitiveDataStore.swift in Sources */ = {isa = PBXBuildFile; fileRef = 803466DF6F75858AE7B5CCEE /* SensitiveDataStore.swift */; };
		7D9B98046A0429491397DF7B /* AppPersistence.swift in Sources */ = {isa = PBXBuildFile; fileRef = 83729923EE169A7A508040E5 /* AppPersistence.swift */; };
		7DAB1E2030C6F5A8A38D6175 /* GoToLineView.swift in Sources */ = {isa = PBXBuildFile; fileRef = 18A78FEC9320977147D4FB48 /* GoToLineView.swift */; };
		7FB3FEECD2CEB2A28F754DA4 /* EditorPerformanceMonitor.swift in Sources */ = {isa = PBXBuildFile; fileRef = 356B02F75B07048555EAE3A8 /* EditorPerformanceMonitor.swift */; };
		7FF590724CCEC37C9F0816D4 /* PluginManagerView.swift in Sources */ = {isa = PBXBuildFile; fileRef = 329C5CBC9442709898C49EBC /* PluginManagerView.swift */; };
		82F7E7048858C2125277D00D /* ProductivityModels.swift in Sources */ = {isa = PBXBuildFile; fileRef = 0EB7D44E3EB7E7EBD5B6E434 /* ProductivityModels.swift */; };
		84508FD8142E517DDAFCF440 /* AIProviderService.swift in Sources */ = {isa = PBXBuildFile; fileRef = CDA1EC4E684D563BE7176FE8 /* AIProviderService.swift */; };
		846262B87721A1E6171CF507 /* ConfigInspectorView.swift in Sources */ = {isa = PBXBuildFile; fileRef = FFB6EE05014E839FA28CDE3C /* ConfigInspectorView.swift */; };
		870871BE6DDCBEC542732172 /* CompareView.swift in Sources */ = {isa = PBXBuildFile; fileRef = 7BB0E5CE0F319B929E99CFBB /* CompareView.swift */; };
		8AA707417582BBCB67B0A6F2 /* TerminalConsoleView.swift in Sources */ = {isa = PBXBuildFile; fileRef = E7E29D444CCD4D2BA0555026 /* TerminalConsoleView.swift */; };
		8FC8B94169966FAD699AD1D6 /* AIModels.swift in Sources */ = {isa = PBXBuildFile; fileRef = E1DC2D9D7122DDEF64D51AA8 /* AIModels.swift */; };
		9227C27B3D2BF382084599FB /* GitWorkbenchView.swift in Sources */ = {isa = PBXBuildFile; fileRef = 2551BF5DA16DDF8FB6C84940 /* GitWorkbenchView.swift */; };
		933404D3B8D16D95CEF6811D /* ContentView.swift in Sources */ = {isa = PBXBuildFile; fileRef = 65471A0DEB90F247A4769C43 /* ContentView.swift */; };
		939E21516B40C24DC6686D13 /* WorkbenchPresetTests.swift in Sources */ = {isa = PBXBuildFile; fileRef = 05E35C595A1EF337E4808BDD /* WorkbenchPresetTests.swift */; };
		9CBB6B65FB39A1F5549F2949 /* PluginFormattingService.swift in Sources */ = {isa = PBXBuildFile; fileRef = 0425570085C74267BE955867 /* PluginFormattingService.swift */; };
		9EF8E5C887707DAFEFF65AB3 /* ExternalPluginService.swift in Sources */ = {isa = PBXBuildFile; fileRef = F181A5E167FA246115A08988 /* ExternalPluginService.swift */; };
		A006B060713BE1EA797B63A6 /* TerminalService.swift in Sources */ = {isa = PBXBuildFile; fileRef = E97F4C8763CDC735B9DDC189 /* TerminalService.swift */; };
		A0362FDF56152BE25CAC51E4 /* TextFileCodec.swift in Sources */ = {isa = PBXBuildFile; fileRef = 15F41B6FF1A2C6E42B48C1CF /* TextFileCodec.swift */; };
		A0F872570A64A489F91F1A7A /* PluginHostService.swift in Sources */ = {isa = PBXBuildFile; fileRef = FDAE4D45F0DB08E717A036BF /* PluginHostService.swift */; };
		A54ED6AB96B7302881A84708 /* ArchiveBrowserView.swift in Sources */ = {isa = PBXBuildFile; fileRef = AE74E26FBD4130ACB7E1EE08 /* ArchiveBrowserView.swift */; };
		A6BEA4D4B17471D9D7228D6E /* LogExplorerServiceTests.swift in Sources */ = {isa = PBXBuildFile; fileRef = 5B79D00D97C488D15225B1BD /* LogExplorerServiceTests.swift */; };
		A7106113573F06D410E25143 /* BrandMarkView.swift in Sources */ = {isa = PBXBuildFile; fileRef = C2B33B5F166219169488B950 /* BrandMarkView.swift */; };
		A8444F639BFCD56CC7095AEE /* GitCloneServiceTests.swift in Sources */ = {isa = PBXBuildFile; fileRef = DC64A612DC4892281FA476E1 /* GitCloneServiceTests.swift */; };
		AA19A69ABD64AEACC1FC86E6 /* SnippetLibraryView.swift in Sources */ = {isa = PBXBuildFile; fileRef = 004D2FF75BA6FAF01CFD4B35 /* SnippetLibraryView.swift */; };
		AB9E9E3ACEF8A9F32ACB4B1F /* GitConflictServiceTests.swift in Sources */ = {isa = PBXBuildFile; fileRef = 25B38A40C1953163B4F94CEB /* GitConflictServiceTests.swift */; };
		ABBD80CAC515E7D2F4B45659 /* HTTPRequestService.swift in Sources */ = {isa = PBXBuildFile; fileRef = DCF5D73C474D7FA8C86F0A74 /* HTTPRequestService.swift */; };
		AD2BBCACBC511385293736B8 /* ProductivityPanels.swift in Sources */ = {isa = PBXBuildFile; fileRef = 2078BA06B7FEF2A0BF2DA9D7 /* ProductivityPanels.swift */; };
		B1256EDF3BB4DFA1618CDA48 /* ArchiveBrowserService.swift in Sources */ = {isa = PBXBuildFile; fileRef = 96205B30ADF4880F92E45E6C /* ArchiveBrowserService.swift */; };
		B1D8D79BD45833C96DC2CD42 /* GitCloneService.swift in Sources */ = {isa = PBXBuildFile; fileRef = 7CA5E0977D93580D6B3F0B39 /* GitCloneService.swift */; };
		B355A1EB7F10652F51F0253A /* WorkspacePlatformService.swift in Sources */ = {isa = PBXBuildFile; fileRef = B77FD7A0C7A755FFE3BA6B72 /* WorkspacePlatformService.swift */; };
		B4916E69EE8634406C13BB04 /* PluginRegistryServiceTests.swift in Sources */ = {isa = PBXBuildFile; fileRef = 9870E90AC33C7EEEA218A179 /* PluginRegistryServiceTests.swift */; };
		B4C15F5B8783B08F0E47AEAD /* GitService.swift in Sources */ = {isa = PBXBuildFile; fileRef = F40BE45903887A566B45A3C0 /* GitService.swift */; };
		B5C448E240BC39D542ED1E0F /* EditorTheme.swift in Sources */ = {isa = PBXBuildFile; fileRef = 02B2ED3E6A54B574E4FE557A /* EditorTheme.swift */; };
		B6575BFEB11C7A6EA0AC7292 /* EditorContainerView.swift in Sources */ = {isa = PBXBuildFile; fileRef = F9BF4835090D7B07CBB767FA /* EditorContainerView.swift */; };
		B691050D0F9709BD4E2ED942 /* EditorCompletionService.swift in Sources */ = {isa = PBXBuildFile; fileRef = ABD6881675EAD94FF6B4F328 /* EditorCompletionService.swift */; };
		B7A533FC6F4ADEDD99505AB7 /* Sparkle in Frameworks */ = {isa = PBXBuildFile; productRef = 71D61ECFFC114406FB2F631B /* Sparkle */; };
		BA10F40422A2C6CC52874C8C /* WorkspacePlatformServiceTests.swift in Sources */ = {isa = PBXBuildFile; fileRef = 575C6C936394E592D31BD54D /* WorkspacePlatformServiceTests.swift */; };
		BD2B75945538B524E8F695F0 /* WorkspaceSearchServiceTests.swift in Sources */ = {isa = PBXBuildFile; fileRef = A45A8AE64C56BC669E21B2AE /* WorkspaceSearchServiceTests.swift */; };
		BF27A1DD8C5874905E25D592 /* CommandExecutionService.swift in Sources */ = {isa = PBXBuildFile; fileRef = F03A0ABDA019BFA06043AF7B /* CommandExecutionService.swift */; };
		C1592F59292E9A8FA5B6D9DC /* PrivilegedFileService.swift in Sources */ = {isa = PBXBuildFile; fileRef = C05DE779BDB5A9CD1A8B65DD /* PrivilegedFileService.swift */; };
		C25CE4074CAFFDD22EBBF68D /* TextSearchService.swift in Sources */ = {isa = PBXBuildFile; fileRef = 052F3B6A3B4BDD5544553C05 /* TextSearchService.swift */; };
		D13381AB72CB2684DD706EB1 /* RemoteAgentService.swift in Sources */ = {isa = PBXBuildFile; fileRef = C9E4AB3D8D73D500DDE7C4BC /* RemoteAgentService.swift */; };
		D4695FF5F20ED7F625355FFB /* CompressedFileService.swift in Sources */ = {isa = PBXBuildFile; fileRef = 9D7AC9F5F58D2CCA9D8AEC9B /* CompressedFileService.swift */; };
		D47D872472A1B4B51F1CE659 /* KeyboardShortcutsView.swift in Sources */ = {isa = PBXBuildFile; fileRef = 46C1FD26720EB0784B402949 /* KeyboardShortcutsView.swift */; };
		D7F5C60887568B1A01D0B3CB /* JSONTreeService.swift in Sources */ = {isa = PBXBuildFile; fileRef = 0B408DAF4F5993B0E237E555 /* JSONTreeService.swift */; };
		D82EEEED71BB03E988577292 /* EditorBehavior.swift in Sources */ = {isa = PBXBuildFile; fileRef = A750791250C20CD659B05AA4 /* EditorBehavior.swift */; };
		D8C0272A83588268EDF1AECF /* LineNumberRulerView.swift in Sources */ = {isa = PBXBuildFile; fileRef = 3CFAA9EBE540281D9664CF72 /* LineNumberRulerView.swift */; };
		D9AADDB512873C48AF55D8F5 /* StructuredConfigService.swift in Sources */ = {isa = PBXBuildFile; fileRef = 7DD32FC9FDE2993D41FB7F46 /* StructuredConfigService.swift */; };
		DF52F50172F273E56E33AB44 /* FindReplaceBar.swift in Sources */ = {isa = PBXBuildFile; fileRef = 6624DEE6D393D4363107EB54 /* FindReplaceBar.swift */; };
		E02165BB428BF8E81A81E2BD /* PluginRegistryService.swift in Sources */ = {isa = PBXBuildFile; fileRef = 7D208AEB02062EC511B89EFD /* PluginRegistryService.swift */; };
		E093C85C936D7071579DFD26 /* ProjectSearchView.swift in Sources */ = {isa = PBXBuildFile; fileRef = C92ED6C4724D5D04007F6CBC /* ProjectSearchView.swift */; };
		E0A7C5E064B24997BB19FEB5 /* DocumentOutlineService.swift in Sources */ = {isa = PBXBuildFile; fileRef = 82FECE5F0E66EB12EDB64D69 /* DocumentOutlineService.swift */; };
		E3D1F355BC033B6E74620B11 /* AppState.swift in Sources */ = {isa = PBXBuildFile; fileRef = F69AA8D88CD705D0617AA1C5 /* AppState.swift */; };
		E3E38F68896EF640C44837F2 /* InspectorPanelView.swift in Sources */ = {isa = PBXBuildFile; fileRef = E54927F550D26E92A8B8851A /* InspectorPanelView.swift */; };
		E4E3A4FFCB0D8E14E25711BC /* OutlinePanelView.swift in Sources */ = {isa = PBXBuildFile; fileRef = 54D110538BA385375848B15F /* OutlinePanelView.swift */; };
		E70E06FE731E3D865DCC038E /* TestExplorerView.swift in Sources */ = {isa = PBXBuildFile; fileRef = 51CA9A7AEAFC4F1D9752F777 /* TestExplorerView.swift */; };
		ED92E3EBBD3EB9E41B6C846F /* PluginInfrastructureTests.swift in Sources */ = {isa = PBXBuildFile; fileRef = D47D5F0BA463C7329930DE6C /* PluginInfrastructureTests.swift */; };
		EDF021AE0AAB2D956CD9D9EF /* ReleaseReadinessService.swift in Sources */ = {isa = PBXBuildFile; fileRef = 21BFE3954C62AF51280A5A6A /* ReleaseReadinessService.swift */; };
		EEAD953D33F91FEE9822EFED /* AppUpdateController.swift in Sources */ = {isa = PBXBuildFile; fileRef = 89F14DFAC49C365A9A014D9E /* AppUpdateController.swift */; };
		EF6C5984D0E9B09F100D573E /* ApplicationDelegate.swift in Sources */ = {isa = PBXBuildFile; fileRef = 3671A17DF3D3B5864A82A49F /* ApplicationDelegate.swift */; };
		F01ABA3CD22A3B5FA391FC94 /* SyntaxHighlighter.swift in Sources */ = {isa = PBXBuildFile; fileRef = CFE552C772BE3F545362B32F /* SyntaxHighlighter.swift */; };
		F21FDB672CE6828271DDCEC9 /* EditorDocumentPresentationTests.swift in Sources */ = {isa = PBXBuildFile; fileRef = 094C316299C8AFAA170831C0 /* EditorDocumentPresentationTests.swift */; };
		F5D11A9DFDCAD2A737FA6040 /* ProblemsPanelView.swift in Sources */ = {isa = PBXBuildFile; fileRef = 003CDE73B7757A606659729D /* ProblemsPanelView.swift */; };
		F6748AF8C158531BD49C78D2 /* AIProviderServiceTests.swift in Sources */ = {isa = PBXBuildFile; fileRef = C23966362378B56EFBCCF9E2 /* AIProviderServiceTests.swift */; };
		F89493A56377CFE00B641144 /* SyntaxHighlighterTests.swift in Sources */ = {isa = PBXBuildFile; fileRef = 762FB60F99C56AF912EB2F02 /* SyntaxHighlighterTests.swift */; };
		F96A20FE727F5EB1D452C698 /* GitHubWorkflowService.swift in Sources */ = {isa = PBXBuildFile; fileRef = C9915FFD2FAB12DF9D944C5D /* GitHubWorkflowService.swift */; };
		FCEEFE4BC117F5A05C0F3E56 /* GitConflictService.swift in Sources */ = {isa = PBXBuildFile; fileRef = 356D3F1F49DCE310190AA059 /* GitConflictService.swift */; };
		FD43620611BFCF78DA707ADC /* StatusBarView.swift in Sources */ = {isa = PBXBuildFile; fileRef = 1A2C61D159B578B418C99EE7 /* StatusBarView.swift */; };
		FDB172117511DECF981A1F39 /* StructuredScrollViewConfigurator.swift in Sources */ = {isa = PBXBuildFile; fileRef = BF993177BA97E6F2D35EEEF7 /* StructuredScrollViewConfigurator.swift */; };
		FE4BD618F059F86625EFD47C /* EditorDocument.swift in Sources */ = {isa = PBXBuildFile; fileRef = 44A5C1725038C14A85EADECF /* EditorDocument.swift */; };
		FFA3A75ECF0109B740BCCF44 /* WorkspacePlatformModels.swift in Sources */ = {isa = PBXBuildFile; fileRef = C0A29E91A18C10E41A4E9ECD /* WorkspacePlatformModels.swift */; };
/* End PBXBuildFile section */

/* Begin PBXContainerItemProxy section */
		6C3470BEEF787E7E5007763F /* PBXContainerItemProxy */ = {
			isa = PBXContainerItemProxy;
			containerPortal = 5E2F58E748D7D6170764B84F /* Project object */;
			proxyType = 1;
			remoteGlobalIDString = 68DD8E8994E00F1F40DAFA6F;
			remoteInfo = ForgeText;
		};
/* End PBXContainerItemProxy section */

/* Begin PBXFileReference section */
		003CDE73B7757A606659729D /* ProblemsPanelView.swift */ = {isa = PBXFileReference; lastKnownFileType = sourcecode.swift; path = ProblemsPanelView.swift; sourceTree = "<group>"; };
		004D2FF75BA6FAF01CFD4B35 /* SnippetLibraryView.swift */ = {isa = PBXFileReference; lastKnownFileType = sourcecode.swift; path = SnippetLibraryView.swift; sourceTree = "<group>"; };
		022591980D6E5871D2B3BE92 /* LogExplorerService.swift */ = {isa = PBXFileReference; lastKnownFileType = sourcecode.swift; path = LogExplorerService.swift; sourceTree = "<group>"; };
		02B2ED3E6A54B574E4FE557A /* EditorTheme.swift */ = {isa = PBXFileReference; lastKnownFileType = sourcecode.swift; path = EditorTheme.swift; sourceTree = "<group>"; };
		03ECB685E4E6A505780533A2 /* CSVTableView.swift */ = {isa = PBXFileReference; lastKnownFileType = sourcecode.swift; path = CSVTableView.swift; sourceTree = "<group>"; };
		0425570085C74267BE955867 /* PluginFormattingService.swift */ = {isa = PBXFileReference; lastKnownFileType = sourcecode.swift; path = PluginFormattingService.swift; sourceTree = "<group>"; };
		052F3B6A3B4BDD5544553C05 /* TextSearchService.swift */ = {isa = PBXFileReference; lastKnownFileType = sourcecode.swift; path = TextSearchService.swift; sourceTree = "<group>"; };
		05E35C595A1EF337E4808BDD /* WorkbenchPresetTests.swift */ = {isa = PBXFileReference; lastKnownFileType = sourcecode.swift; path = WorkbenchPresetTests.swift; sourceTree = "<group>"; };
		0708F0E65E3E0D392B56ECA4 /* RemoteOpenView.swift */ = {isa = PBXFileReference; lastKnownFileType = sourcecode.swift; path = RemoteOpenView.swift; sourceTree = "<group>"; };
		08C8527247E0BB9EC547CCB4 /* WorkspaceExplorerView.swift */ = {isa = PBXFileReference; lastKnownFileType = sourcecode.swift; path = WorkspaceExplorerView.swift; sourceTree = "<group>"; };
		094C316299C8AFAA170831C0 /* EditorDocumentPresentationTests.swift */ = {isa = PBXFileReference; lastKnownFileType = sourcecode.swift; path = EditorDocumentPresentationTests.swift; sourceTree = "<group>"; };
		096F5E8A2AB7DC859DFC16BE /* GitServiceTests.swift */ = {isa = PBXFileReference; lastKnownFileType = sourcecode.swift; path = GitServiceTests.swift; sourceTree = "<group>"; };
		0B408DAF4F5993B0E237E555 /* JSONTreeService.swift */ = {isa = PBXFileReference; lastKnownFileType = sourcecode.swift; path = JSONTreeService.swift; sourceTree = "<group>"; };
		0C8D75AC79AAE885E2544DC9 /* DiagnosticBundleService.swift */ = {isa = PBXFileReference; lastKnownFileType = sourcecode.swift; path = DiagnosticBundleService.swift; sourceTree = "<group>"; };
		0CE027F9BF20AF72CFD5730E /* ExternalPluginServiceTests.swift */ = {isa = PBXFileReference; lastKnownFileType = sourcecode.swift; path = ExternalPluginServiceTests.swift; sourceTree = "<group>"; };
		0EB7D44E3EB7E7EBD5B6E434 /* ProductivityModels.swift */ = {isa = PBXFileReference; lastKnownFileType = sourcecode.swift; path = ProductivityModels.swift; sourceTree = "<group>"; };
		1147A83A0FF2491A5A419B86 /* PluginDiagnosticsView.swift */ = {isa = PBXFileReference; lastKnownFileType = sourcecode.swift; path = PluginDiagnosticsView.swift; sourceTree = "<group>"; };
		141C395305C43DDFF712E7B1 /* AIRulesService.swift */ = {isa = PBXFileReference; lastKnownFileType = sourcecode.swift; path = AIRulesService.swift; sourceTree = "<group>"; };
		15F41B6FF1A2C6E42B48C1CF /* TextFileCodec.swift */ = {isa = PBXFileReference; lastKnownFileType = sourcecode.swift; path = TextFileCodec.swift; sourceTree = "<group>"; };
		18A78FEC9320977147D4FB48 /* GoToLineView.swift */ = {isa = PBXFileReference; lastKnownFileType = sourcecode.swift; path = GoToLineView.swift; sourceTree = "<group>"; };
		1A2C61D159B578B418C99EE7 /* StatusBarView.swift */ = {isa = PBXFileReference; lastKnownFileType = sourcecode.swift; path = StatusBarView.swift; sourceTree = "<group>"; };
		1AED1301D377C700699E6FD2 /* WorkspaceExplorerServiceTests.swift */ = {isa = PBXFileReference; lastKnownFileType = sourcecode.swift; path = WorkspaceExplorerServiceTests.swift; sourceTree = "<group>"; };
		2006347C12046FD5484F45B0 /* Info.plist */ = {isa = PBXFileReference; lastKnownFileType = text.plist; path = Info.plist; sourceTree = "<group>"; };
		20156AC20133D18C4384D13F /* AppearancePreferencesView.swift */ = {isa = PBXFileReference; lastKnownFileType = sourcecode.swift; path = AppearancePreferencesView.swift; sourceTree = "<group>"; };
		2078BA06B7FEF2A0BF2DA9D7 /* ProductivityPanels.swift */ = {isa = PBXFileReference; lastKnownFileType = sourcecode.swift; path = ProductivityPanels.swift; sourceTree = "<group>"; };
		216832796ED2BEFE1CA53EB6 /* AIRulesServiceTests.swift */ = {isa = PBXFileReference; lastKnownFileType = sourcecode.swift; path = AIRulesServiceTests.swift; sourceTree = "<group>"; };
		21BFE3954C62AF51280A5A6A /* ReleaseReadinessService.swift */ = {isa = PBXFileReference; lastKnownFileType = sourcecode.swift; path = ReleaseReadinessService.swift; sourceTree = "<group>"; };
		2551BF5DA16DDF8FB6C84940 /* GitWorkbenchView.swift */ = {isa = PBXFileReference; lastKnownFileType = sourcecode.swift; path = GitWorkbenchView.swift; sourceTree = "<group>"; };
		25B38A40C1953163B4F94CEB /* GitConflictServiceTests.swift */ = {isa = PBXFileReference; lastKnownFileType = sourcecode.swift; path = GitConflictServiceTests.swift; sourceTree = "<group>"; };
		29D4E6EE5866405CD4E50BBC /* StoragePathService.swift */ = {isa = PBXFileReference; lastKnownFileType = sourcecode.swift; path = StoragePathService.swift; sourceTree = "<group>"; };
		2EC915794C50444E3262D8C6 /* PluginModels.swift */ = {isa = PBXFileReference; lastKnownFileType = sourcecode.swift; path = PluginModels.swift; sourceTree = "<group>"; };
		2EF63F9A2E0A015ADC423836 /* WorkspaceIndexService.swift */ = {isa = PBXFileReference; lastKnownFileType = sourcecode.swift; path = WorkspaceIndexService.swift; sourceTree = "<group>"; };
		2F153394923AF13CA657F24A /* ProblemMatcherServiceTests.swift */ = {isa = PBXFileReference; lastKnownFileType = sourcecode.swift; path = ProblemMatcherServiceTests.swift; sourceTree = "<group>"; };
		320CF5B00A75B0C53740A493 /* ForgeTextApp.swift */ = {isa = PBXFileReference; lastKnownFileType = sourcecode.swift; path = ForgeTextApp.swift; sourceTree = "<group>"; };
		329BAB390587D9660851755C /* RemoteFileService.swift */ = {isa = PBXFileReference; lastKnownFileType = sourcecode.swift; path = RemoteFileService.swift; sourceTree = "<group>"; };
		329C5CBC9442709898C49EBC /* PluginManagerView.swift */ = {isa = PBXFileReference; lastKnownFileType = sourcecode.swift; path = PluginManagerView.swift; sourceTree = "<group>"; };
		344FDF3D9CBA44CED4458A17 /* Assets.xcassets */ = {isa = PBXFileReference; lastKnownFileType = folder.assetcatalog; path = Assets.xcassets; sourceTree = "<group>"; };
		356B02F75B07048555EAE3A8 /* EditorPerformanceMonitor.swift */ = {isa = PBXFileReference; lastKnownFileType = sourcecode.swift; path = EditorPerformanceMonitor.swift; sourceTree = "<group>"; };
		356D3F1F49DCE310190AA059 /* GitConflictService.swift */ = {isa = PBXFileReference; lastKnownFileType = sourcecode.swift; path = GitConflictService.swift; sourceTree = "<group>"; };
		364F03A4ED6FB6845D909A0C /* DelimitedTextTableService.swift */ = {isa = PBXFileReference; lastKnownFileType = sourcecode.swift; path = DelimitedTextTableService.swift; sourceTree = "<group>"; };
		3671A17DF3D3B5864A82A49F /* ApplicationDelegate.swift */ = {isa = PBXFileReference; lastKnownFileType = sourcecode.swift; path = ApplicationDelegate.swift; sourceTree = "<group>"; };
		3B15FC504E6A57F6E4A0C701 /* WorkspacePlatformFeatureTests.swift */ = {isa = PBXFileReference; lastKnownFileType = sourcecode.swift; path = WorkspacePlatformFeatureTests.swift; sourceTree = "<group>"; };
		3CFAA9EBE540281D9664CF72 /* LineNumberRulerView.swift */ = {isa = PBXFileReference; lastKnownFileType = sourcecode.swift; path = LineNumberRulerView.swift; sourceTree = "<group>"; };
		44A5C1725038C14A85EADECF /* EditorDocument.swift */ = {isa = PBXFileReference; lastKnownFileType = sourcecode.swift; path = EditorDocument.swift; sourceTree = "<group>"; };
		452C1E029B6F6DD9CCD145CE /* ForgeTextTests.xctest */ = {isa = PBXFileReference; explicitFileType = wrapper.cfbundle; includeInIndex = 0; path = ForgeTextTests.xctest; sourceTree = BUILT_PRODUCTS_DIR; };
		46C1FD26720EB0784B402949 /* KeyboardShortcutsView.swift */ = {isa = PBXFileReference; lastKnownFileType = sourcecode.swift; path = KeyboardShortcutsView.swift; sourceTree = "<group>"; };
		51CA9A7AEAFC4F1D9752F777 /* TestExplorerView.swift */ = {isa = PBXFileReference; lastKnownFileType = sourcecode.swift; path = TestExplorerView.swift; sourceTree = "<group>"; };
		52A09B6F3B91D16DCE0C35A1 /* LaunchCommandServiceTests.swift */ = {isa = PBXFileReference; lastKnownFileType = sourcecode.swift; path = LaunchCommandServiceTests.swift; sourceTree = "<group>"; };
		54D110538BA385375848B15F /* OutlinePanelView.swift */ = {isa = PBXFileReference; lastKnownFileType = sourcecode.swift; path = OutlinePanelView.swift; sourceTree = "<group>"; };
		562982731C548F68D72D712F /* WorkspaceExplorerService.swift */ = {isa = PBXFileReference; lastKnownFileType = sourcecode.swift; path = WorkspaceExplorerService.swift; sourceTree = "<group>"; };
		56B59914695EEA636AD6C007 /* DocumentLanguage.swift */ = {isa = PBXFileReference; lastKnownFileType = sourcecode.swift; path = DocumentLanguage.swift; sourceTree = "<group>"; };
		575C6C936394E592D31BD54D /* WorkspacePlatformServiceTests.swift */ = {isa = PBXFileReference; lastKnownFileType = sourcecode.swift; path = WorkspacePlatformServiceTests.swift; sourceTree = "<group>"; };
		57FFCC587878E75CF1545CAB /* AIProviderDefaults.swift */ = {isa = PBXFileReference; lastKnownFileType = sourcecode.swift; path = AIProviderDefaults.swift; sourceTree = "<group>"; };
		5854DEB8C5E756F0396755C6 /* CloneRepositoryView.swift */ = {isa = PBXFileReference; lastKnownFileType = sourcecode.swift; path = CloneRepositoryView.swift; sourceTree = "<group>"; };
		592108833F585B70B8198FCB /* CommandPaletteView.swift */ = {isa = PBXFileReference; lastKnownFileType = sourcecode.swift; path = CommandPaletteView.swift; sourceTree = "<group>"; };
		5A57B53E5AF6593BA699BFA3 /* WorkspaceFeatureModels.swift */ = {isa = PBXFileReference; lastKnownFileType = sourcecode.swift; path = WorkspaceFeatureModels.swift; sourceTree = "<group>"; };
		5B79D00D97C488D15225B1BD /* LogExplorerServiceTests.swift */ = {isa = PBXFileReference; lastKnownFileType = sourcecode.swift; path = LogExplorerServiceTests.swift; sourceTree = "<group>"; };
		633E70276998D11A9C3983B5 /* TextFileCodecTests.swift */ = {isa = PBXFileReference; lastKnownFileType = sourcecode.swift; path = TextFileCodecTests.swift; sourceTree = "<group>"; };
		64A5B82B1B8053C8473F18FF /* AppCommands.swift */ = {isa = PBXFileReference; lastKnownFileType = sourcecode.swift; path = AppCommands.swift; sourceTree = "<group>"; };
		65471A0DEB90F247A4769C43 /* ContentView.swift */ = {isa = PBXFileReference; lastKnownFileType = sourcecode.swift; path = ContentView.swift; sourceTree = "<group>"; };
		6624DEE6D393D4363107EB54 /* FindReplaceBar.swift */ = {isa = PBXFileReference; lastKnownFileType = sourcecode.swift; path = FindReplaceBar.swift; sourceTree = "<group>"; };
		750D4CE50298021AEAA30756 /* ForgeText.app */ = {isa = PBXFileReference; explicitFileType = wrapper.application; includeInIndex = 0; path = ForgeText.app; sourceTree = BUILT_PRODUCTS_DIR; };
		762FB60F99C56AF912EB2F02 /* SyntaxHighlighterTests.swift */ = {isa = PBXFileReference; lastKnownFileType = sourcecode.swift; path = SyntaxHighlighterTests.swift; sourceTree = "<group>"; };
		76CD43E4E8A08F26CDE5374F /* PluginDiagnosticsService.swift */ = {isa = PBXFileReference; lastKnownFileType = sourcecode.swift; path = PluginDiagnosticsService.swift; sourceTree = "<group>"; };
		789768933CF34A533B580A76 /* WorkspaceSearchService.swift */ = {isa = PBXFileReference; lastKnownFileType = sourcecode.swift; path = WorkspaceSearchService.swift; sourceTree = "<group>"; };
		7940759F7DFBDC416DEB1B52 /* TestCoverageService.swift */ = {isa = PBXFileReference; lastKnownFileType = sourcecode.swift; path = TestCoverageService.swift; sourceTree = "<group>"; };
		7BB0E5CE0F319B929E99CFBB /* CompareView.swift */ = {isa = PBXFileReference; lastKnownFileType = sourcecode.swift; path = CompareView.swift; sourceTree = "<group>"; };
		7CA5E0977D93580D6B3F0B39 /* GitCloneService.swift */ = {isa = PBXFileReference; lastKnownFileType = sourcecode.swift; path = GitCloneService.swift; sourceTree = "<group>"; };
		7D208AEB02062EC511B89EFD /* PluginRegistryService.swift */ = {isa = PBXFileReference; lastKnownFileType = sourcecode.swift; path = PluginRegistryService.swift; sourceTree = "<group>"; };
		7DBFB3486EFF5F18E4BD6C4E /* EditorBehaviorTests.swift */ = {isa = PBXFileReference; lastKnownFileType = sourcecode.swift; path = EditorBehaviorTests.swift; sourceTree = "<group>"; };
		7DD32FC9FDE2993D41FB7F46 /* StructuredConfigService.swift */ = {isa = PBXFileReference; lastKnownFileType = sourcecode.swift; path = StructuredConfigService.swift; sourceTree = "<group>"; };
		7FF6529ED492D441008786F8 /* TaskRunnerView.swift */ = {isa = PBXFileReference; lastKnownFileType = sourcecode.swift; path = TaskRunnerView.swift; sourceTree = "<group>"; };
		803466DF6F75858AE7B5CCEE /* SensitiveDataStore.swift */ = {isa = PBXFileReference; lastKnownFileType = sourcecode.swift; path = SensitiveDataStore.swift; sourceTree = "<group>"; };
		82E0D7F16AC755B8FCDCEBDC /* DocumentTabStripView.swift */ = {isa = PBXFileReference; lastKnownFileType = sourcecode.swift; path = DocumentTabStripView.swift; sourceTree = "<group>"; };
		82FECE5F0E66EB12EDB64D69 /* DocumentOutlineService.swift */ = {isa = PBXFileReference; lastKnownFileType = sourcecode.swift; path = DocumentOutlineService.swift; sourceTree = "<group>"; };
		83729923EE169A7A508040E5 /* AppPersistence.swift */ = {isa = PBXFileReference; lastKnownFileType = sourcecode.swift; path = AppPersistence.swift; sourceTree = "<group>"; };
		83F0453A5678BB1D763F93B6 /* PerformanceSnapshotService.swift */ = {isa = PBXFileReference; lastKnownFileType = sourcecode.swift; path = PerformanceSnapshotService.swift; sourceTree = "<group>"; };
		89F14DFAC49C365A9A014D9E /* AppUpdateController.swift */ = {isa = PBXFileReference; lastKnownFileType = sourcecode.swift; path = AppUpdateController.swift; sourceTree = "<group>"; };
		8AFC0E065433D48FC4F110A4 /* ToolchainService.swift */ = {isa = PBXFileReference; lastKnownFileType = sourcecode.swift; path = ToolchainService.swift; sourceTree = "<group>"; };
		8F47B8900632E2B594B598B1 /* LogExplorerView.swift */ = {isa = PBXFileReference; lastKnownFileType = sourcecode.swift; path = LogExplorerView.swift; sourceTree = "<group>"; };
		9268A7612C9C0CF46198CE79 /* HTTPRequestView.swift */ = {isa = PBXFileReference; lastKnownFileType = sourcecode.swift; path = HTTPRequestView.swift; sourceTree = "<group>"; };
		96205B30ADF4880F92E45E6C /* ArchiveBrowserService.swift */ = {isa = PBXFileReference; lastKnownFileType = sourcecode.swift; path = ArchiveBrowserService.swift; sourceTree = "<group>"; };
		975B4B702EEC08B88185D206 /* WorkspacePlatformView.swift */ = {isa = PBXFileReference; lastKnownFileType = sourcecode.swift; path = WorkspacePlatformView.swift; sourceTree = "<group>"; };
		9870E90AC33C7EEEA218A179 /* PluginRegistryServiceTests.swift */ = {isa = PBXFileReference; lastKnownFileType = sourcecode.swift; path = PluginRegistryServiceTests.swift; sourceTree = "<group>"; };
		9AEADB28C7AE0017E7BF6657 /* TextSearchServiceTests.swift */ = {isa = PBXFileReference; lastKnownFileType = sourcecode.swift; path = TextSearchServiceTests.swift; sourceTree = "<group>"; };
		9D7AC9F5F58D2CCA9D8AEC9B /* CompressedFileService.swift */ = {isa = PBXFileReference; lastKnownFileType = sourcecode.swift; path = CompressedFileService.swift; sourceTree = "<group>"; };
		A18904AB77E4FE4D15FBB7A6 /* JSONTreeServiceTests.swift */ = {isa = PBXFileReference; lastKnownFileType = sourcecode.swift; path = JSONTreeServiceTests.swift; sourceTree = "<group>"; };
		A2A37F64F12E337877655411 /* AIWorkbenchView.swift */ = {isa = PBXFileReference; lastKnownFileType = sourcecode.swift; path = AIWorkbenchView.swift; sourceTree = "<group>"; };
		A45A8AE64C56BC669E21B2AE /* WorkspaceSearchServiceTests.swift */ = {isa = PBXFileReference; lastKnownFileType = sourcecode.swift; path = WorkspaceSearchServiceTests.swift; sourceTree = "<group>"; };
		A750791250C20CD659B05AA4 /* EditorBehavior.swift */ = {isa = PBXFileReference; lastKnownFileType = sourcecode.swift; path = EditorBehavior.swift; sourceTree = "<group>"; };
		A8FA182F57DD2F452B520616 /* FindState.swift */ = {isa = PBXFileReference; lastKnownFileType = sourcecode.swift; path = FindState.swift; sourceTree = "<group>"; };
		AB59BAA37AA3DE7EF9A3D2DF /* SensitiveDataStoreTests.swift */ = {isa = PBXFileReference; lastKnownFileType = sourcecode.swift; path = SensitiveDataStoreTests.swift; sourceTree = "<group>"; };
		ABD6881675EAD94FF6B4F328 /* EditorCompletionService.swift */ = {isa = PBXFileReference; lastKnownFileType = sourcecode.swift; path = EditorCompletionService.swift; sourceTree = "<group>"; };
		AE74E26FBD4130ACB7E1EE08 /* ArchiveBrowserView.swift */ = {isa = PBXFileReference; lastKnownFileType = sourcecode.swift; path = ArchiveBrowserView.swift; sourceTree = "<group>"; };
		B08DC2DA3FC27961709766C1 /* RetroChrome.swift */ = {isa = PBXFileReference; lastKnownFileType = sourcecode.swift; path = RetroChrome.swift; sourceTree = "<group>"; };
		B77FD7A0C7A755FFE3BA6B72 /* WorkspacePlatformService.swift */ = {isa = PBXFileReference; lastKnownFileType = sourcecode.swift; path = WorkspacePlatformService.swift; sourceTree = "<group>"; };
		B861470FE81FC3465D8890EF /* LaunchCommandService.swift */ = {isa = PBXFileReference; lastKnownFileType = sourcecode.swift; path = LaunchCommandService.swift; sourceTree = "<group>"; };
		B8ABEAFAA43B2793CE02784C /* ProductionReadinessTests.swift */ = {isa = PBXFileReference; lastKnownFileType = sourcecode.swift; path = ProductionReadinessTests.swift; sourceTree = "<group>"; };
		BC7112141821CBF300559E4E /* DelimitedTextTableServiceTests.swift */ = {isa = PBXFileReference; lastKnownFileType = sourcecode.swift; path = DelimitedTextTableServiceTests.swift; sourceTree = "<group>"; };
		BF993177BA97E6F2D35EEEF7 /* StructuredScrollViewConfigurator.swift */ = {isa = PBXFileReference; lastKnownFileType = sourcecode.swift; path = StructuredScrollViewConfigurator.swift; sourceTree = "<group>"; };
		C05DE779BDB5A9CD1A8B65DD /* PrivilegedFileService.swift */ = {isa = PBXFileReference; lastKnownFileType = sourcecode.swift; path = PrivilegedFileService.swift; sourceTree = "<group>"; };
		C0A29E91A18C10E41A4E9ECD /* WorkspacePlatformModels.swift */ = {isa = PBXFileReference; lastKnownFileType = sourcecode.swift; path = WorkspacePlatformModels.swift; sourceTree = "<group>"; };
		C23966362378B56EFBCCF9E2 /* AIProviderServiceTests.swift */ = {isa = PBXFileReference; lastKnownFileType = sourcecode.swift; path = AIProviderServiceTests.swift; sourceTree = "<group>"; };
		C2B33B5F166219169488B950 /* BrandMarkView.swift */ = {isa = PBXFileReference; lastKnownFileType = sourcecode.swift; path = BrandMarkView.swift; sourceTree = "<group>"; };
		C92ED6C4724D5D04007F6CBC /* ProjectSearchView.swift */ = {isa = PBXFileReference; lastKnownFileType = sourcecode.swift; path = ProjectSearchView.swift; sourceTree = "<group>"; };
		C9915FFD2FAB12DF9D944C5D /* GitHubWorkflowService.swift */ = {isa = PBXFileReference; lastKnownFileType = sourcecode.swift; path = GitHubWorkflowService.swift; sourceTree = "<group>"; };
		C9E4AB3D8D73D500DDE7C4BC /* RemoteAgentService.swift */ = {isa = PBXFileReference; lastKnownFileType = sourcecode.swift; path = RemoteAgentService.swift; sourceTree = "<group>"; };
		CA4093016F8AEF6BE98B33D7 /* HTTPRequestServiceTests.swift */ = {isa = PBXFileReference; lastKnownFileType = sourcecode.swift; path = HTTPRequestServiceTests.swift; sourceTree = "<group>"; };
		CDA1EC4E684D563BE7176FE8 /* AIProviderService.swift */ = {isa = PBXFileReference; lastKnownFileType = sourcecode.swift; path = AIProviderService.swift; sourceTree = "<group>"; };
		CFE552C772BE3F545362B32F /* SyntaxHighlighter.swift */ = {isa = PBXFileReference; lastKnownFileType = sourcecode.swift; path = SyntaxHighlighter.swift; sourceTree = "<group>"; };
		D388177AAA2F21C9B437792F /* TestCoverageServiceTests.swift */ = {isa = PBXFileReference; lastKnownFileType = sourcecode.swift; path = TestCoverageServiceTests.swift; sourceTree = "<group>"; };
		D47D5F0BA463C7329930DE6C /* PluginInfrastructureTests.swift */ = {isa = PBXFileReference; lastKnownFileType = sourcecode.swift; path = PluginInfrastructureTests.swift; sourceTree = "<group>"; };
		D6B11C04A5B42F350ED337C5 /* JSONTreeView.swift */ = {isa = PBXFileReference; lastKnownFileType = sourcecode.swift; path = JSONTreeView.swift; sourceTree = "<group>"; };
		D8A3A54D10C6CC7E0B872936 /* EmbeddedTerminalService.swift */ = {isa = PBXFileReference; lastKnownFileType = sourcecode.swift; path = EmbeddedTerminalService.swift; sourceTree = "<group>"; };
		DC64A612DC4892281FA476E1 /* GitCloneServiceTests.swift */ = {isa = PBXFileReference; lastKnownFileType = sourcecode.swift; path = GitCloneServiceTests.swift; sourceTree = "<group>"; };
		DCF5D73C474D7FA8C86F0A74 /* HTTPRequestService.swift */ = {isa = PBXFileReference; lastKnownFileType = sourcecode.swift; path = HTTPRequestService.swift; sourceTree = "<group>"; };
		DF19FEF23B5DDAE3697335EF /* EditorTextView.swift */ = {isa = PBXFileReference; lastKnownFileType = sourcecode.swift; path = EditorTextView.swift; sourceTree = "<group>"; };
		E1DC2D9D7122DDEF64D51AA8 /* AIModels.swift */ = {isa = PBXFileReference; lastKnownFileType = sourcecode.swift; path = AIModels.swift; sourceTree = "<group>"; };
		E1F1D1FE8355690B3338824A /* WorkspaceTaskService.swift */ = {isa = PBXFileReference; lastKnownFileType = sourcecode.swift; path = WorkspaceTaskService.swift; sourceTree = "<group>"; };
		E54927F550D26E92A8B8851A /* InspectorPanelView.swift */ = {isa = PBXFileReference; lastKnownFileType = sourcecode.swift; path = InspectorPanelView.swift; sourceTree = "<group>"; };
		E7E29D444CCD4D2BA0555026 /* TerminalConsoleView.swift */ = {isa = PBXFileReference; lastKnownFileType = sourcecode.swift; path = TerminalConsoleView.swift; sourceTree = "<group>"; };
		E97F4C8763CDC735B9DDC189 /* TerminalService.swift */ = {isa = PBXFileReference; lastKnownFileType = sourcecode.swift; path = TerminalService.swift; sourceTree = "<group>"; };
		E993AA163682082B487C7447 /* DocumentComparisonService.swift */ = {isa = PBXFileReference; lastKnownFileType = sourcecode.swift; path = DocumentComparisonService.swift; sourceTree = "<group>"; };
		EF84102A567EED49C00B4E14 /* ProblemMatcherService.swift */ = {isa = PBXFileReference; lastKnownFileType = sourcecode.swift; path = ProblemMatcherService.swift; sourceTree = "<group>"; };
		F03A0ABDA019BFA06043AF7B /* CommandExecutionService.swift */ = {isa = PBXFileReference; lastKnownFileType = sourcecode.swift; path = CommandExecutionService.swift; sourceTree = "<group>"; };
		F181A5E167FA246115A08988 /* ExternalPluginService.swift */ = {isa = PBXFileReference; lastKnownFileType = sourcecode.swift; path = ExternalPluginService.swift; sourceTree = "<group>"; };
		F40BE45903887A566B45A3C0 /* GitService.swift */ = {isa = PBXFileReference; lastKnownFileType = sourcecode.swift; path = GitService.swift; sourceTree = "<group>"; };
		F477D2D3D0B6B613FCF617D8 /* WorkspaceSessionsView.swift */ = {isa = PBXFileReference; lastKnownFileType = sourcecode.swift; path = WorkspaceSessionsView.swift; sourceTree = "<group>"; };
		F547C23F5FBF91050A92E662 /* EditorCompletionServiceTests.swift */ = {isa = PBXFileReference; lastKnownFileType = sourcecode.swift; path = EditorCompletionServiceTests.swift; sourceTree = "<group>"; };
		F69AA8D88CD705D0617AA1C5 /* AppState.swift */ = {isa = PBXFileReference; lastKnownFileType = sourcecode.swift; path = AppState.swift; sourceTree = "<group>"; };
		F9BF4835090D7B07CBB767FA /* EditorContainerView.swift */ = {isa = PBXFileReference; lastKnownFileType = sourcecode.swift; path = EditorContainerView.swift; sourceTree = "<group>"; };
		FDAE4D45F0DB08E717A036BF /* PluginHostService.swift */ = {isa = PBXFileReference; lastKnownFileType = sourcecode.swift; path = PluginHostService.swift; sourceTree = "<group>"; };
		FFB6EE05014E839FA28CDE3C /* ConfigInspectorView.swift */ = {isa = PBXFileReference; lastKnownFileType = sourcecode.swift; path = ConfigInspectorView.swift; sourceTree = "<group>"; };
/* End PBXFileReference section */

/* Begin PBXFrameworksBuildPhase section */
		DA0A34A0614CA8E85B2B1375 /* Frameworks */ = {
			isa = PBXFrameworksBuildPhase;
			buildActionMask = 2147483647;
			files = (
				B7A533FC6F4ADEDD99505AB7 /* Sparkle in Frameworks */,
			);
			runOnlyForDeploymentPostprocessing = 0;
		};
/* End PBXFrameworksBuildPhase section */

/* Begin PBXGroup section */
		1399E3F9709C7BADF2E61F63 = {
			isa = PBXGroup;
			children = (
				AB26792C663ED17C65FC6EBC /* ForgeText */,
				85CA43E584F83150B26B7625 /* ForgeTextTests */,
				5130085DB7A0CACC26B8D3EF /* Products */,
			);
			sourceTree = "<group>";
		};
		287321B366E8BC31A7439F6A /* Services */ = {
			isa = PBXGroup;
			children = (
				57FFCC587878E75CF1545CAB /* AIProviderDefaults.swift */,
				CDA1EC4E684D563BE7176FE8 /* AIProviderService.swift */,
				141C395305C43DDFF712E7B1 /* AIRulesService.swift */,
				83729923EE169A7A508040E5 /* AppPersistence.swift */,
				89F14DFAC49C365A9A014D9E /* AppUpdateController.swift */,
				96205B30ADF4880F92E45E6C /* ArchiveBrowserService.swift */,
				F03A0ABDA019BFA06043AF7B /* CommandExecutionService.swift */,
				9D7AC9F5F58D2CCA9D8AEC9B /* CompressedFileService.swift */,
				364F03A4ED6FB6845D909A0C /* DelimitedTextTableService.swift */,
				0C8D75AC79AAE885E2544DC9 /* DiagnosticBundleService.swift */,
				E993AA163682082B487C7447 /* DocumentComparisonService.swift */,
				82FECE5F0E66EB12EDB64D69 /* DocumentOutlineService.swift */,
				A750791250C20CD659B05AA4 /* EditorBehavior.swift */,
				ABD6881675EAD94FF6B4F328 /* EditorCompletionService.swift */,
				356B02F75B07048555EAE3A8 /* EditorPerformanceMonitor.swift */,
				D8A3A54D10C6CC7E0B872936 /* EmbeddedTerminalService.swift */,
				F181A5E167FA246115A08988 /* ExternalPluginService.swift */,
				7CA5E0977D93580D6B3F0B39 /* GitCloneService.swift */,
				356D3F1F49DCE310190AA059 /* GitConflictService.swift */,
				C9915FFD2FAB12DF9D944C5D /* GitHubWorkflowService.swift */,
				F40BE45903887A566B45A3C0 /* GitService.swift */,
				DCF5D73C474D7FA8C86F0A74 /* HTTPRequestService.swift */,
				0B408DAF4F5993B0E237E555 /* JSONTreeService.swift */,
				B861470FE81FC3465D8890EF /* LaunchCommandService.swift */,
				022591980D6E5871D2B3BE92 /* LogExplorerService.swift */,
				83F0453A5678BB1D763F93B6 /* PerformanceSnapshotService.swift */,
				76CD43E4E8A08F26CDE5374F /* PluginDiagnosticsService.swift */,
				0425570085C74267BE955867 /* PluginFormattingService.swift */,
				FDAE4D45F0DB08E717A036BF /* PluginHostService.swift */,
				7D208AEB02062EC511B89EFD /* PluginRegistryService.swift */,
				C05DE779BDB5A9CD1A8B65DD /* PrivilegedFileService.swift */,
				EF84102A567EED49C00B4E14 /* ProblemMatcherService.swift */,
				21BFE3954C62AF51280A5A6A /* ReleaseReadinessService.swift */,
				C9E4AB3D8D73D500DDE7C4BC /* RemoteAgentService.swift */,
				329BAB390587D9660851755C /* RemoteFileService.swift */,
				803466DF6F75858AE7B5CCEE /* SensitiveDataStore.swift */,
				29D4E6EE5866405CD4E50BBC /* StoragePathService.swift */,
				7DD32FC9FDE2993D41FB7F46 /* StructuredConfigService.swift */,
				CFE552C772BE3F545362B32F /* SyntaxHighlighter.swift */,
				E97F4C8763CDC735B9DDC189 /* TerminalService.swift */,
				7940759F7DFBDC416DEB1B52 /* TestCoverageService.swift */,
				15F41B6FF1A2C6E42B48C1CF /* TextFileCodec.swift */,
				052F3B6A3B4BDD5544553C05 /* TextSearchService.swift */,
				8AFC0E065433D48FC4F110A4 /* ToolchainService.swift */,
				562982731C548F68D72D712F /* WorkspaceExplorerService.swift */,
				2EF63F9A2E0A015ADC423836 /* WorkspaceIndexService.swift */,
				B77FD7A0C7A755FFE3BA6B72 /* WorkspacePlatformService.swift */,
				789768933CF34A533B580A76 /* WorkspaceSearchService.swift */,
				E1F1D1FE8355690B3338824A /* WorkspaceTaskService.swift */,
			);
			path = Services;
			sourceTree = "<group>";
		};
		476DB515F63F4D7A8BBA3CFC /* Views */ = {
			isa = PBXGroup;
			children = (
				A2A37F64F12E337877655411 /* AIWorkbenchView.swift */,
				20156AC20133D18C4384D13F /* AppearancePreferencesView.swift */,
				AE74E26FBD4130ACB7E1EE08 /* ArchiveBrowserView.swift */,
				C2B33B5F166219169488B950 /* BrandMarkView.swift */,
				5854DEB8C5E756F0396755C6 /* CloneRepositoryView.swift */,
				592108833F585B70B8198FCB /* CommandPaletteView.swift */,
				7BB0E5CE0F319B929E99CFBB /* CompareView.swift */,
				FFB6EE05014E839FA28CDE3C /* ConfigInspectorView.swift */,
				65471A0DEB90F247A4769C43 /* ContentView.swift */,
				03ECB685E4E6A505780533A2 /* CSVTableView.swift */,
				82E0D7F16AC755B8FCDCEBDC /* DocumentTabStripView.swift */,
				F9BF4835090D7B07CBB767FA /* EditorContainerView.swift */,
				DF19FEF23B5DDAE3697335EF /* EditorTextView.swift */,
				6624DEE6D393D4363107EB54 /* FindReplaceBar.swift */,
				2551BF5DA16DDF8FB6C84940 /* GitWorkbenchView.swift */,
				18A78FEC9320977147D4FB48 /* GoToLineView.swift */,
				9268A7612C9C0CF46198CE79 /* HTTPRequestView.swift */,
				E54927F550D26E92A8B8851A /* InspectorPanelView.swift */,
				D6B11C04A5B42F350ED337C5 /* JSONTreeView.swift */,
				46C1FD26720EB0784B402949 /* KeyboardShortcutsView.swift */,
				3CFAA9EBE540281D9664CF72 /* LineNumberRulerView.swift */,
				8F47B8900632E2B594B598B1 /* LogExplorerView.swift */,
				54D110538BA385375848B15F /* OutlinePanelView.swift */,
				1147A83A0FF2491A5A419B86 /* PluginDiagnosticsView.swift */,
				329C5CBC9442709898C49EBC /* PluginManagerView.swift */,
				003CDE73B7757A606659729D /* ProblemsPanelView.swift */,
				2078BA06B7FEF2A0BF2DA9D7 /* ProductivityPanels.swift */,
				C92ED6C4724D5D04007F6CBC /* ProjectSearchView.swift */,
				0708F0E65E3E0D392B56ECA4 /* RemoteOpenView.swift */,
				B08DC2DA3FC27961709766C1 /* RetroChrome.swift */,
				004D2FF75BA6FAF01CFD4B35 /* SnippetLibraryView.swift */,
				1A2C61D159B578B418C99EE7 /* StatusBarView.swift */,
				BF993177BA97E6F2D35EEEF7 /* StructuredScrollViewConfigurator.swift */,
				7FF6529ED492D441008786F8 /* TaskRunnerView.swift */,
				E7E29D444CCD4D2BA0555026 /* TerminalConsoleView.swift */,
				51CA9A7AEAFC4F1D9752F777 /* TestExplorerView.swift */,
				08C8527247E0BB9EC547CCB4 /* WorkspaceExplorerView.swift */,
				975B4B702EEC08B88185D206 /* WorkspacePlatformView.swift */,
				F477D2D3D0B6B613FCF617D8 /* WorkspaceSessionsView.swift */,
			);
			path = Views;
			sourceTree = "<group>";
		};
		5130085DB7A0CACC26B8D3EF /* Products */ = {
			isa = PBXGroup;
			children = (
				750D4CE50298021AEAA30756 /* ForgeText.app */,
				452C1E029B6F6DD9CCD145CE /* ForgeTextTests.xctest */,
			);
			name = Products;
			sourceTree = "<group>";
		};
		85CA43E584F83150B26B7625 /* ForgeTextTests */ = {
			isa = PBXGroup;
			children = (
				C23966362378B56EFBCCF9E2 /* AIProviderServiceTests.swift */,
				216832796ED2BEFE1CA53EB6 /* AIRulesServiceTests.swift */,
				BC7112141821CBF300559E4E /* DelimitedTextTableServiceTests.swift */,
				7DBFB3486EFF5F18E4BD6C4E /* EditorBehaviorTests.swift */,
				F547C23F5FBF91050A92E662 /* EditorCompletionServiceTests.swift */,
				094C316299C8AFAA170831C0 /* EditorDocumentPresentationTests.swift */,
				0CE027F9BF20AF72CFD5730E /* ExternalPluginServiceTests.swift */,
				DC64A612DC4892281FA476E1 /* GitCloneServiceTests.swift */,
				25B38A40C1953163B4F94CEB /* GitConflictServiceTests.swift */,
				096F5E8A2AB7DC859DFC16BE /* GitServiceTests.swift */,
				CA4093016F8AEF6BE98B33D7 /* HTTPRequestServiceTests.swift */,
				A18904AB77E4FE4D15FBB7A6 /* JSONTreeServiceTests.swift */,
				52A09B6F3B91D16DCE0C35A1 /* LaunchCommandServiceTests.swift */,
				5B79D00D97C488D15225B1BD /* LogExplorerServiceTests.swift */,
				D47D5F0BA463C7329930DE6C /* PluginInfrastructureTests.swift */,
				9870E90AC33C7EEEA218A179 /* PluginRegistryServiceTests.swift */,
				2F153394923AF13CA657F24A /* ProblemMatcherServiceTests.swift */,
				B8ABEAFAA43B2793CE02784C /* ProductionReadinessTests.swift */,
				AB59BAA37AA3DE7EF9A3D2DF /* SensitiveDataStoreTests.swift */,
				762FB60F99C56AF912EB2F02 /* SyntaxHighlighterTests.swift */,
				D388177AAA2F21C9B437792F /* TestCoverageServiceTests.swift */,
				633E70276998D11A9C3983B5 /* TextFileCodecTests.swift */,
				9AEADB28C7AE0017E7BF6657 /* TextSearchServiceTests.swift */,
				05E35C595A1EF337E4808BDD /* WorkbenchPresetTests.swift */,
				1AED1301D377C700699E6FD2 /* WorkspaceExplorerServiceTests.swift */,
				3B15FC504E6A57F6E4A0C701 /* WorkspacePlatformFeatureTests.swift */,
				575C6C936394E592D31BD54D /* WorkspacePlatformServiceTests.swift */,
				A45A8AE64C56BC669E21B2AE /* WorkspaceSearchServiceTests.swift */,
			);
			path = ForgeTextTests;
			sourceTree = "<group>";
		};
		AB26792C663ED17C65FC6EBC /* ForgeText */ = {
			isa = PBXGroup;
			children = (
				64A5B82B1B8053C8473F18FF /* AppCommands.swift */,
				3671A17DF3D3B5864A82A49F /* ApplicationDelegate.swift */,
				F69AA8D88CD705D0617AA1C5 /* AppState.swift */,
				344FDF3D9CBA44CED4458A17 /* Assets.xcassets */,
				320CF5B00A75B0C53740A493 /* ForgeTextApp.swift */,
				2006347C12046FD5484F45B0 /* Info.plist */,
				EBA05F336A0C282CEF98D497 /* Models */,
				287321B366E8BC31A7439F6A /* Services */,
				476DB515F63F4D7A8BBA3CFC /* Views */,
			);
			path = ForgeText;
			sourceTree = "<group>";
		};
		EBA05F336A0C282CEF98D497 /* Models */ = {
			isa = PBXGroup;
			children = (
				E1DC2D9D7122DDEF64D51AA8 /* AIModels.swift */,
				56B59914695EEA636AD6C007 /* DocumentLanguage.swift */,
				44A5C1725038C14A85EADECF /* EditorDocument.swift */,
				02B2ED3E6A54B574E4FE557A /* EditorTheme.swift */,
				A8FA182F57DD2F452B520616 /* FindState.swift */,
				2EC915794C50444E3262D8C6 /* PluginModels.swift */,
				0EB7D44E3EB7E7EBD5B6E434 /* ProductivityModels.swift */,
				5A57B53E5AF6593BA699BFA3 /* WorkspaceFeatureModels.swift */,
				C0A29E91A18C10E41A4E9ECD /* WorkspacePlatformModels.swift */,
			);
			path = Models;
			sourceTree = "<group>";
		};
/* End PBXGroup section */

/* Begin PBXNativeTarget section */
		68DD8E8994E00F1F40DAFA6F /* ForgeText */ = {
			isa = PBXNativeTarget;
			buildConfigurationList = 4C26DA2B90472379E85E08E3 /* Build configuration list for PBXNativeTarget "ForgeText" */;
			buildPhases = (
				29712D3816502850BBA455B6 /* Sources */,
				7382A53E302EF4803055C698 /* Resources */,
				DA0A34A0614CA8E85B2B1375 /* Frameworks */,
			);
			buildRules = (
			);
			dependencies = (
			);
			name = ForgeText;
			packageProductDependencies = (
				71D61ECFFC114406FB2F631B /* Sparkle */,
			);
			productName = ForgeText;
			productReference = 750D4CE50298021AEAA30756 /* ForgeText.app */;
			productType = "com.apple.product-type.application";
		};
		BCBCA91ACA5718DEB2C3287D /* ForgeTextTests */ = {
			isa = PBXNativeTarget;
			buildConfigurationList = EA03DD579AF83149ADA4138C /* Build configuration list for PBXNativeTarget "ForgeTextTests" */;
			buildPhases = (
				9A0F020B816FAC44F878B4D6 /* Sources */,
			);
			buildRules = (
			);
			dependencies = (
				39E04C17331DC662B866321E /* PBXTargetDependency */,
			);
			name = ForgeTextTests;
			packageProductDependencies = (
			);
			productName = ForgeTextTests;
			productReference = 452C1E029B6F6DD9CCD145CE /* ForgeTextTests.xctest */;
			productType = "com.apple.product-type.bundle.unit-test";
		};
/* End PBXNativeTarget section */

/* Begin PBXProject section */
		5E2F58E748D7D6170764B84F /* Project object */ = {
			isa = PBXProject;
			attributes = {
				BuildIndependentTargetsInParallel = YES;
				LastUpgradeCheck = 1430;
				TargetAttributes = {
					68DD8E8994E00F1F40DAFA6F = {
						ProvisioningStyle = Automatic;
					};
					BCBCA91ACA5718DEB2C3287D = {
						ProvisioningStyle = Automatic;
					};
				};
			};
			buildConfigurationList = 24B58C2CC00862AA02C96A82 /* Build configuration list for PBXProject "ForgeText" */;
			developmentRegion = en;
			hasScannedForEncodings = 0;
			knownRegions = (
				Base,
				en,
			);
			mainGroup = 1399E3F9709C7BADF2E61F63;
			minimizedProjectReferenceProxies = 1;
			packageReferences = (
				742C793B8B3AB61B62913465 /* XCRemoteSwiftPackageReference "Sparkle" */,
			);
			preferredProjectObjectVersion = 77;
			productRefGroup = 5130085DB7A0CACC26B8D3EF /* Products */;
			projectDirPath = "";
			projectRoot = "";
			targets = (
				68DD8E8994E00F1F40DAFA6F /* ForgeText */,
				BCBCA91ACA5718DEB2C3287D /* ForgeTextTests */,
			);
		};
/* End PBXProject section */

/* Begin PBXResourcesBuildPhase section */
		7382A53E302EF4803055C698 /* Resources */ = {
			isa = PBXResourcesBuildPhase;
			buildActionMask = 2147483647;
			files = (
				091F6F0C5FFEDE77EE4D7C8E /* Assets.xcassets in Resources */,
			);
			runOnlyForDeploymentPostprocessing = 0;
		};
/* End PBXResourcesBuildPhase section */

/* Begin PBXSourcesBuildPhase section */
		29712D3816502850BBA455B6 /* Sources */ = {
			isa = PBXSourcesBuildPhase;
			buildActionMask = 2147483647;
			files = (
				8FC8B94169966FAD699AD1D6 /* AIModels.swift in Sources */,
				34513C77B9F851BBD730C9D2 /* AIProviderDefaults.swift in Sources */,
				84508FD8142E517DDAFCF440 /* AIProviderService.swift in Sources */,
				3FA31BA476A3372001AC3A25 /* AIRulesService.swift in Sources */,
				2C938A3086727FF43B909488 /* AIWorkbenchView.swift in Sources */,
				71893D34BADC925808AD4E69 /* AppCommands.swift in Sources */,
				7D9B98046A0429491397DF7B /* AppPersistence.swift in Sources */,
				E3D1F355BC033B6E74620B11 /* AppState.swift in Sources */,
				EEAD953D33F91FEE9822EFED /* AppUpdateController.swift in Sources */,
				481B4527A22633F07ABB5BA4 /* AppearancePreferencesView.swift in Sources */,
				EF6C5984D0E9B09F100D573E /* ApplicationDelegate.swift in Sources */,
				B1256EDF3BB4DFA1618CDA48 /* ArchiveBrowserService.swift in Sources */,
				A54ED6AB96B7302881A84708 /* ArchiveBrowserView.swift in Sources */,
				A7106113573F06D410E25143 /* BrandMarkView.swift in Sources */,
				4BF1F297332F2365A5F162A8 /* CSVTableView.swift in Sources */,
				780D0802557B2E2E9F11F485 /* CloneRepositoryView.swift in Sources */,
				BF27A1DD8C5874905E25D592 /* CommandExecutionService.swift in Sources */,
				0C5CF4C0A481F66205A3072A /* CommandPaletteView.swift in Sources */,
				870871BE6DDCBEC542732172 /* CompareView.swift in Sources */,
				D4695FF5F20ED7F625355FFB /* CompressedFileService.swift in Sources */,
				846262B87721A1E6171CF507 /* ConfigInspectorView.swift in Sources */,
				933404D3B8D16D95CEF6811D /* ContentView.swift in Sources */,
				2CF8E27490C90FEBD91C84E7 /* DelimitedTextTableService.swift in Sources */,
				43C88EEBD65A749A3D9F98F6 /* DiagnosticBundleService.swift in Sources */,
				5E30FC1979158AD79D1F5A24 /* DocumentComparisonService.swift in Sources */,
				601BA95D7086F4C2C15D14AF /* DocumentLanguage.swift in Sources */,
				E0A7C5E064B24997BB19FEB5 /* DocumentOutlineService.swift in Sources */,
				6E1D4CD9BE88B996D15DFDFB /* DocumentTabStripView.swift in Sources */,
				D82EEEED71BB03E988577292 /* EditorBehavior.swift in Sources */,
				B691050D0F9709BD4E2ED942 /* EditorCompletionService.swift in Sources */,
				B6575BFEB11C7A6EA0AC7292 /* EditorContainerView.swift in Sources */,
				FE4BD618F059F86625EFD47C /* EditorDocument.swift in Sources */,
				7FB3FEECD2CEB2A28F754DA4 /* EditorPerformanceMonitor.swift in Sources */,
				4536ADE7B77C138E5999FD7D /* EditorTextView.swift in Sources */,
				B5C448E240BC39D542ED1E0F /* EditorTheme.swift in Sources */,
				20E79AFCC5FDD5A6BE6EDD05 /* EmbeddedTerminalService.swift in Sources */,
				9EF8E5C887707DAFEFF65AB3 /* ExternalPluginService.swift in Sources */,
				DF52F50172F273E56E33AB44 /* FindReplaceBar.swift in Sources */,
				0EC690C3A856C3242348DC06 /* FindState.swift in Sources */,
				43625DC5D9FA9B68952ED852 /* ForgeTextApp.swift in Sources */,
				B1D8D79BD45833C96DC2CD42 /* GitCloneService.swift in Sources */,
				FCEEFE4BC117F5A05C0F3E56 /* GitConflictService.swift in Sources */,
				F96A20FE727F5EB1D452C698 /* GitHubWorkflowService.swift in Sources */,
				B4C15F5B8783B08F0E47AEAD /* GitService.swift in Sources */,
				9227C27B3D2BF382084599FB /* GitWorkbenchView.swift in Sources */,
				7DAB1E2030C6F5A8A38D6175 /* GoToLineView.swift in Sources */,
				ABBD80CAC515E7D2F4B45659 /* HTTPRequestService.swift in Sources */,
				477CAF25AF854D883B5DB356 /* HTTPRequestView.swift in Sources */,
				E3E38F68896EF640C44837F2 /* InspectorPanelView.swift in Sources */,
				D7F5C60887568B1A01D0B3CB /* JSONTreeService.swift in Sources */,
				3C477E04166818D6711D622E /* JSONTreeView.swift in Sources */,
				D47D872472A1B4B51F1CE659 /* KeyboardShortcutsView.swift in Sources */,
				347CD18ABF75413EA6B2244D /* LaunchCommandService.swift in Sources */,
				D8C0272A83588268EDF1AECF /* LineNumberRulerView.swift in Sources */,
				3B8D2201E7AB5B61D49197A9 /* LogExplorerService.swift in Sources */,
				233893382DF9FBFF81ED310B /* LogExplorerView.swift in Sources */,
				E4E3A4FFCB0D8E14E25711BC /* OutlinePanelView.swift in Sources */,
				79210933F7CC4DCE51BE17B4 /* PerformanceSnapshotService.swift in Sources */,
				30AB2BE76FD21C1316F5F680 /* PluginDiagnosticsService.swift in Sources */,
				5DA8ABBBFC7DC1B65B819391 /* PluginDiagnosticsView.swift in Sources */,
				9CBB6B65FB39A1F5549F2949 /* PluginFormattingService.swift in Sources */,
				A0F872570A64A489F91F1A7A /* PluginHostService.swift in Sources */,
				7FF590724CCEC37C9F0816D4 /* PluginManagerView.swift in Sources */,
				26AC429F7423F8F488A0ADDE /* PluginModels.swift in Sources */,
				E02165BB428BF8E81A81E2BD /* PluginRegistryService.swift in Sources */,
				C1592F59292E9A8FA5B6D9DC /* PrivilegedFileService.swift in Sources */,
				2E1600C6A7D0D51EE9E3EC81 /* ProblemMatcherService.swift in Sources */,
				F5D11A9DFDCAD2A737FA6040 /* ProblemsPanelView.swift in Sources */,
				82F7E7048858C2125277D00D /* ProductivityModels.swift in Sources */,
				AD2BBCACBC511385293736B8 /* ProductivityPanels.swift in Sources */,
				E093C85C936D7071579DFD26 /* ProjectSearchView.swift in Sources */,
				EDF021AE0AAB2D956CD9D9EF /* ReleaseReadinessService.swift in Sources */,
				D13381AB72CB2684DD706EB1 /* RemoteAgentService.swift in Sources */,
				4394A3AA80574DC50251664A /* RemoteFileService.swift in Sources */,
				72A42CC3D4EBBB6844C7A9B9 /* RemoteOpenView.swift in Sources */,
				2062ED550F84FDBC4DACDE02 /* RetroChrome.swift in Sources */,
				7D8D6816DA74B7DF5AB170EF /* SensitiveDataStore.swift in Sources */,
				AA19A69ABD64AEACC1FC86E6 /* SnippetLibraryView.swift in Sources */,
				FD43620611BFCF78DA707ADC /* StatusBarView.swift in Sources */,
				72765BCA7B80504ED929228A /* StoragePathService.swift in Sources */,
				D9AADDB512873C48AF55D8F5 /* StructuredConfigService.swift in Sources */,
				FDB172117511DECF981A1F39 /* StructuredScrollViewConfigurator.swift in Sources */,
				F01ABA3CD22A3B5FA391FC94 /* SyntaxHighlighter.swift in Sources */,
				43A0CFBECE505E7FBEA99EAA /* TaskRunnerView.swift in Sources */,
				8AA707417582BBCB67B0A6F2 /* TerminalConsoleView.swift in Sources */,
				A006B060713BE1EA797B63A6 /* TerminalService.swift in Sources */,
				07707FDB550510C7CE9C7FF5 /* TestCoverageService.swift in Sources */,
				E70E06FE731E3D865DCC038E /* TestExplorerView.swift in Sources */,
				A0362FDF56152BE25CAC51E4 /* TextFileCodec.swift in Sources */,
				C25CE4074CAFFDD22EBBF68D /* TextSearchService.swift in Sources */,
				0147E1721C19842CB8DCAE1B /* ToolchainService.swift in Sources */,
				14B4BD5E331494E67CCF4875 /* WorkspaceExplorerService.swift in Sources */,
				53E8F83C5E001DA31BA4BFF2 /* WorkspaceExplorerView.swift in Sources */,
				6FE0327909469A58D17AAF42 /* WorkspaceFeatureModels.swift in Sources */,
				12007CE71153F128405C8AED /* WorkspaceIndexService.swift in Sources */,
				FFA3A75ECF0109B740BCCF44 /* WorkspacePlatformModels.swift in Sources */,
				B355A1EB7F10652F51F0253A /* WorkspacePlatformService.swift in Sources */,
				5DE331A1996DE346B94091BF /* WorkspacePlatformView.swift in Sources */,
				195EB580AA97DCA477DD66E9 /* WorkspaceSearchService.swift in Sources */,
				2ABBA1B980ED34E6DCE794E1 /* WorkspaceSessionsView.swift in Sources */,
				169B2D0EFCD6D335A06BE22E /* WorkspaceTaskService.swift in Sources */,
			);
			runOnlyForDeploymentPostprocessing = 0;
		};
		9A0F020B816FAC44F878B4D6 /* Sources */ = {
			isa = PBXSourcesBuildPhase;
			buildActionMask = 2147483647;
			files = (
				F6748AF8C158531BD49C78D2 /* AIProviderServiceTests.swift in Sources */,
				50ED98E791C9BAFEAFF37451 /* AIRulesServiceTests.swift in Sources */,
				71802EBFE58346839C4B086B /* DelimitedTextTableServiceTests.swift in Sources */,
				0ED769ED0F4AEBA46EF3910F /* EditorBehaviorTests.swift in Sources */,
				1C8025712E0D91AE7D1D05CC /* EditorCompletionServiceTests.swift in Sources */,
				F21FDB672CE6828271DDCEC9 /* EditorDocumentPresentationTests.swift in Sources */,
				4908F5C9455E4A35F8B5424A /* ExternalPluginServiceTests.swift in Sources */,
				A8444F639BFCD56CC7095AEE /* GitCloneServiceTests.swift in Sources */,
				AB9E9E3ACEF8A9F32ACB4B1F /* GitConflictServiceTests.swift in Sources */,
				75CE3DA5112AC234A760F3B7 /* GitServiceTests.swift in Sources */,
				34A78B703B15CDF1839178F4 /* HTTPRequestServiceTests.swift in Sources */,
				5944A67EF00F5BDEA5DC7677 /* JSONTreeServiceTests.swift in Sources */,
				1A2E9C8CCC553B9361892FB3 /* LaunchCommandServiceTests.swift in Sources */,
				A6BEA4D4B17471D9D7228D6E /* LogExplorerServiceTests.swift in Sources */,
				ED92E3EBBD3EB9E41B6C846F /* PluginInfrastructureTests.swift in Sources */,
				B4916E69EE8634406C13BB04 /* PluginRegistryServiceTests.swift in Sources */,
				31530544179CB98348473CEF /* ProblemMatcherServiceTests.swift in Sources */,
				67AA3345F240B24135804510 /* ProductionReadinessTests.swift in Sources */,
				01D97803D577B7DA34839EFB /* SensitiveDataStoreTests.swift in Sources */,
				F89493A56377CFE00B641144 /* SyntaxHighlighterTests.swift in Sources */,
				06D040287C9BC6B726B5E10E /* TestCoverageServiceTests.swift in Sources */,
				63AECB20C4751C521C3540F1 /* TextFileCodecTests.swift in Sources */,
				44E63AAA6FE2BB5544993F4A /* TextSearchServiceTests.swift in Sources */,
				939E21516B40C24DC6686D13 /* WorkbenchPresetTests.swift in Sources */,
				27E9F1BAAFBB1F6A6468F20A /* WorkspaceExplorerServiceTests.swift in Sources */,
				5CA6F29A79CB8DCCA90B4174 /* WorkspacePlatformFeatureTests.swift in Sources */,
				BA10F40422A2C6CC52874C8C /* WorkspacePlatformServiceTests.swift in Sources */,
				BD2B75945538B524E8F695F0 /* WorkspaceSearchServiceTests.swift in Sources */,
			);
			runOnlyForDeploymentPostprocessing = 0;
		};
/* End PBXSourcesBuildPhase section */

/* Begin PBXTargetDependency section */
		39E04C17331DC662B866321E /* PBXTargetDependency */ = {
			isa = PBXTargetDependency;
			target = 68DD8E8994E00F1F40DAFA6F /* ForgeText */;
			targetProxy = 6C3470BEEF787E7E5007763F /* PBXContainerItemProxy */;
		};
/* End PBXTargetDependency section */

/* Begin XCBuildConfiguration section */
		10CE5EDA29DFA96EC022D2C8 /* Release */ = {
			isa = XCBuildConfiguration;
			buildSettings = {
				ALWAYS_SEARCH_USER_PATHS = NO;
				CLANG_ANALYZER_NONNULL = YES;
				CLANG_ANALYZER_NUMBER_OBJECT_CONVERSION = YES_AGGRESSIVE;
				CLANG_CXX_LANGUAGE_STANDARD = "gnu++14";
				CLANG_CXX_LIBRARY = "libc++";
				CLANG_ENABLE_MODULES = YES;
				CLANG_ENABLE_OBJC_ARC = YES;
				CLANG_ENABLE_OBJC_WEAK = YES;
				CLANG_WARN_BLOCK_CAPTURE_AUTORELEASING = YES;
				CLANG_WARN_BOOL_CONVERSION = YES;
				CLANG_WARN_COMMA = YES;
				CLANG_WARN_CONSTANT_CONVERSION = YES;
				CLANG_WARN_DEPRECATED_OBJC_IMPLEMENTATIONS = YES;
				CLANG_WARN_DIRECT_OBJC_ISA_USAGE = YES_ERROR;
				CLANG_WARN_DOCUMENTATION_COMMENTS = YES;
				CLANG_WARN_EMPTY_BODY = YES;
				CLANG_WARN_ENUM_CONVERSION = YES;
				CLANG_WARN_INFINITE_RECURSION = YES;
				CLANG_WARN_INT_CONVERSION = YES;
				CLANG_WARN_NON_LITERAL_NULL_CONVERSION = YES;
				CLANG_WARN_OBJC_IMPLICIT_RETAIN_SELF = YES;
				CLANG_WARN_OBJC_LITERAL_CONVERSION = YES;
				CLANG_WARN_OBJC_ROOT_CLASS = YES_ERROR;
				CLANG_WARN_QUOTED_INCLUDE_IN_FRAMEWORK_HEADER = YES;
				CLANG_WARN_RANGE_LOOP_ANALYSIS = YES;
				CLANG_WARN_STRICT_PROTOTYPES = YES;
				CLANG_WARN_SUSPICIOUS_MOVE = YES;
				CLANG_WARN_UNGUARDED_AVAILABILITY = YES_AGGRESSIVE;
				CLANG_WARN_UNREACHABLE_CODE = YES;
				CLANG_WARN__DUPLICATE_METHOD_MATCH = YES;
				COPY_PHASE_STRIP = NO;
				DEBUG_INFORMATION_FORMAT = "dwarf-with-dsym";
				ENABLE_NS_ASSERTIONS = NO;
				ENABLE_STRICT_OBJC_MSGSEND = YES;
				GCC_C_LANGUAGE_STANDARD = gnu11;
				GCC_NO_COMMON_BLOCKS = YES;
				GCC_WARN_64_TO_32_BIT_CONVERSION = YES;
				GCC_WARN_ABOUT_RETURN_TYPE = YES_ERROR;
				GCC_WARN_UNDECLARED_SELECTOR = YES;
				GCC_WARN_UNINITIALIZED_AUTOS = YES_AGGRESSIVE;
				GCC_WARN_UNUSED_FUNCTION = YES;
				GCC_WARN_UNUSED_VARIABLE = YES;
				MACOSX_DEPLOYMENT_TARGET = 14.0;
				MTL_ENABLE_DEBUG_INFO = NO;
				MTL_FAST_MATH = YES;
				PRODUCT_NAME = "$(TARGET_NAME)";
				SDKROOT = macosx;
				SWIFT_COMPILATION_MODE = wholemodule;
				SWIFT_OPTIMIZATION_LEVEL = "-O";
				SWIFT_VERSION = 6.0;
			};
			name = Release;
		};
		236030FC718A713C6B029316 /* Debug */ = {
			isa = XCBuildConfiguration;
			buildSettings = {
				BUNDLE_LOADER = "$(TEST_HOST)";
				CODE_SIGN_STYLE = Automatic;
				COMBINE_HIDPI_IMAGES = YES;
				GENERATE_INFOPLIST_FILE = YES;
				LD_RUNPATH_SEARCH_PATHS = (
					"$(inherited)",
					"@executable_path/../Frameworks",
					"@loader_path/../Frameworks",
				);
				PRODUCT_BUNDLE_IDENTIFIER = com.jaysonguglietta.ForgeTextTests;
				SDKROOT = macosx;
				TEST_HOST = "$(BUILT_PRODUCTS_DIR)/ForgeText.app/Contents/MacOS/ForgeText";
			};
			name = Debug;
		};
		42BC6F9BF7624C68E79D9E45 /* Release */ = {
			isa = XCBuildConfiguration;
			buildSettings = {
				ASSETCATALOG_COMPILER_APPICON_NAME = AppIcon;
				CODE_SIGN_STYLE = Automatic;
				COMBINE_HIDPI_IMAGES = YES;
				GENERATE_INFOPLIST_FILE = NO;
				INFOPLIST_FILE = ForgeText/Info.plist;
				LD_RUNPATH_SEARCH_PATHS = (
					"$(inherited)",
					"@executable_path/../Frameworks",
				);
				PRODUCT_BUNDLE_IDENTIFIER = com.jaysonguglietta.ForgeText;
				PRODUCT_NAME = ForgeText;
				SDKROOT = macosx;
				SWIFT_EMIT_LOC_STRINGS = NO;
			};
			name = Release;
		};
		4DED4A0FB34839304E31DF22 /* Release */ = {
			isa = XCBuildConfiguration;
			buildSettings = {
				BUNDLE_LOADER = "$(TEST_HOST)";
				CODE_SIGN_STYLE = Automatic;
				COMBINE_HIDPI_IMAGES = YES;
				GENERATE_INFOPLIST_FILE = YES;
				LD_RUNPATH_SEARCH_PATHS = (
					"$(inherited)",
					"@executable_path/../Frameworks",
					"@loader_path/../Frameworks",
				);
				PRODUCT_BUNDLE_IDENTIFIER = com.jaysonguglietta.ForgeTextTests;
				SDKROOT = macosx;
				TEST_HOST = "$(BUILT_PRODUCTS_DIR)/ForgeText.app/Contents/MacOS/ForgeText";
			};
			name = Release;
		};
		A565E0179DC0272A32733272 /* Debug */ = {
			isa = XCBuildConfiguration;
			buildSettings = {
				ASSETCATALOG_COMPILER_APPICON_NAME = AppIcon;
				CODE_SIGN_STYLE = Automatic;
				COMBINE_HIDPI_IMAGES = YES;
				GENERATE_INFOPLIST_FILE = NO;
				INFOPLIST_FILE = ForgeText/Info.plist;
				LD_RUNPATH_SEARCH_PATHS = (
					"$(inherited)",
					"@executable_path/../Frameworks",
				);
				PRODUCT_BUNDLE_IDENTIFIER = com.jaysonguglietta.ForgeText;
				PRODUCT_NAME = ForgeText;
				SDKROOT = macosx;
				SWIFT_EMIT_LOC_STRINGS = NO;
			};
			name = Debug;
		};
		F076111B72E60F7BB2A9ADAE /* Debug */ = {
			isa = XCBuildConfiguration;
			buildSettings = {
				ALWAYS_SEARCH_USER_PATHS = NO;
				CLANG_ANALYZER_NONNULL = YES;
				CLANG_ANALYZER_NUMBER_OBJECT_CONVERSION = YES_AGGRESSIVE;
				CLANG_CXX_LANGUAGE_STANDARD = "gnu++14";
				CLANG_CXX_LIBRARY = "libc++";
				CLANG_ENABLE_MODULES = YES;
				CLANG_ENABLE_OBJC_ARC = YES;
				CLANG_ENABLE_OBJC_WEAK = YES;
				CLANG_WARN_BLOCK_CAPTURE_AUTORELEASING = YES;
				CLANG_WARN_BOOL_CONVERSION = YES;
				CLANG_WARN_COMMA = YES;
				CLANG_WARN_CONSTANT_CONVERSION = YES;
				CLANG_WARN_DEPRECATED_OBJC_IMPLEMENTATIONS = YES;
				CLANG_WARN_DIRECT_OBJC_ISA_USAGE = YES_ERROR;
				CLANG_WARN_DOCUMENTATION_COMMENTS = YES;
				CLANG_WARN_EMPTY_BODY = YES;
				CLANG_WARN_ENUM_CONVERSION = YES;
				CLANG_WARN_INFINITE_RECURSION = YES;
				CLANG_WARN_INT_CONVERSION = YES;
				CLANG_WARN_NON_LITERAL_NULL_CONVERSION = YES;
				CLANG_WARN_OBJC_IMPLICIT_RETAIN_SELF = YES;
				CLANG_WARN_OBJC_LITERAL_CONVERSION = YES;
				CLANG_WARN_OBJC_ROOT_CLASS = YES_ERROR;
				CLANG_WARN_QUOTED_INCLUDE_IN_FRAMEWORK_HEADER = YES;
				CLANG_WARN_RANGE_LOOP_ANALYSIS = YES;
				CLANG_WARN_STRICT_PROTOTYPES = YES;
				CLANG_WARN_SUSPICIOUS_MOVE = YES;
				CLANG_WARN_UNGUARDED_AVAILABILITY = YES_AGGRESSIVE;
				CLANG_WARN_UNREACHABLE_CODE = YES;
				CLANG_WARN__DUPLICATE_METHOD_MATCH = YES;
				COPY_PHASE_STRIP = NO;
				DEBUG_INFORMATION_FORMAT = dwarf;
				ENABLE_STRICT_OBJC_MSGSEND = YES;
				ENABLE_TESTABILITY = YES;
				GCC_C_LANGUAGE_STANDARD = gnu11;
				GCC_DYNAMIC_NO_PIC = NO;
				GCC_NO_COMMON_BLOCKS = YES;
				GCC_OPTIMIZATION_LEVEL = 0;
				GCC_PREPROCESSOR_DEFINITIONS = (
					"$(inherited)",
					"DEBUG=1",
				);
				GCC_WARN_64_TO_32_BIT_CONVERSION = YES;
				GCC_WARN_ABOUT_RETURN_TYPE = YES_ERROR;
				GCC_WARN_UNDECLARED_SELECTOR = YES;
				GCC_WARN_UNINITIALIZED_AUTOS = YES_AGGRESSIVE;
				GCC_WARN_UNUSED_FUNCTION = YES;
				GCC_WARN_UNUSED_VARIABLE = YES;
				MACOSX_DEPLOYMENT_TARGET = 14.0;
				MTL_ENABLE_DEBUG_INFO = INCLUDE_SOURCE;
				MTL_FAST_MATH = YES;
				ONLY_ACTIVE_ARCH = YES;
				PRODUCT_NAME = "$(TARGET_NAME)";
				SDKROOT = macosx;
				SWIFT_ACTIVE_COMPILATION_CONDITIONS = DEBUG;
				SWIFT_OPTIMIZATION_LEVEL = "-Onone";
				SWIFT_VERSION = 6.0;
			};
			name = Debug;
		};
/* End XCBuildConfiguration section */

/* Begin XCConfigurationList section */
		24B58C2CC00862AA02C96A82 /* Build configuration list for PBXProject "ForgeText" */ = {
			isa = XCConfigurationList;
			buildConfigurations = (
				F076111B72E60F7BB2A9ADAE /* Debug */,
				10CE5EDA29DFA96EC022D2C8 /* Release */,
			);
			defaultConfigurationIsVisible = 0;
			defaultConfigurationName = Debug;
		};
		4C26DA2B90472379E85E08E3 /* Build configuration list for PBXNativeTarget "ForgeText" */ = {
			isa = XCConfigurationList;
			buildConfigurations = (
				A565E0179DC0272A32733272 /* Debug */,
				42BC6F9BF7624C68E79D9E45 /* Release */,
			);
			defaultConfigurationIsVisible = 0;
			defaultConfigurationName = Debug;
		};
		EA03DD579AF83149ADA4138C /* Build configuration list for PBXNativeTarget "ForgeTextTests" */ = {
			isa = XCConfigurationList;
			buildConfigurations = (
				236030FC718A713C6B029316 /* Debug */,
				4DED4A0FB34839304E31DF22 /* Release */,
			);
			defaultConfigurationIsVisible = 0;
			defaultConfigurationName = Debug;
		};
/* End XCConfigurationList section */

/* Begin XCRemoteSwiftPackageReference section */
		742C793B8B3AB61B62913465 /* XCRemoteSwiftPackageReference "Sparkle" */ = {
			isa = XCRemoteSwiftPackageReference;
			repositoryURL = "https://github.com/sparkle-project/Sparkle";
			requirement = {
				kind = upToNextMajorVersion;
				minimumVersion = 2.8.0;
			};
		};
/* End XCRemoteSwiftPackageReference section */

/* Begin XCSwiftPackageProductDependency section */
		71D61ECFFC114406FB2F631B /* Sparkle */ = {
			isa = XCSwiftPackageProductDependency;
			package = 742C793B8B3AB61B62913465 /* XCRemoteSwiftPackageReference "Sparkle" */;
			productName = Sparkle;
		};
/* End XCSwiftPackageProductDependency section */
	};
	rootObject = 5E2F58E748D7D6170764B84F /* Project object */;
}
